// !$*UTF8*$!
{
	archiveVersion = 1;
	classes = {
	};
	objectVersion = 46;
	objects = {

/* Begin PBXBuildFile section */
		550936961B656F7B00651C76 /* MenuDictionary.swift in Sources */ = {isa = PBXBuildFile; fileRef = 550936771B656F7B00651C76 /* MenuDictionary.swift */; };
		550936971B656F7B00651C76 /* Calendar.swift in Sources */ = {isa = PBXBuildFile; fileRef = 550936781B656F7B00651C76 /* Calendar.swift */; };
		5509369A1B656F7B00651C76 /* Images.xcassets in Resources */ = {isa = PBXBuildFile; fileRef = 5509367B1B656F7B00651C76 /* Images.xcassets */; };
		5509369D1B656F7B00651C76 /* JSONDownloader.swift in Sources */ = {isa = PBXBuildFile; fileRef = 5509367E1B656F7B00651C76 /* JSONDownloader.swift */; };
		5509369E1B656F7B00651C76 /* JSONParser.swift in Sources */ = {isa = PBXBuildFile; fileRef = 5509367F1B656F7B00651C76 /* JSONParser.swift */; };
		550936A21B656F7B00651C76 /* Menu.swift in Sources */ = {isa = PBXBuildFile; fileRef = 550936831B656F7B00651C76 /* Menu.swift */; };
		550936A31B656F7B00651C76 /* Preference.swift in Sources */ = {isa = PBXBuildFile; fileRef = 550936841B656F7B00651C76 /* Preference.swift */; };
		550936AD1B65F7FC00651C76 /* AboutViewController.swift in Sources */ = {isa = PBXBuildFile; fileRef = 550936AC1B65F7FC00651C76 /* AboutViewController.swift */; };
		551928971B951E3F00C2C03B /* BreakfastMenuTableViewController.swift in Sources */ = {isa = PBXBuildFile; fileRef = 5519288F1B951E3F00C2C03B /* BreakfastMenuTableViewController.swift */; };
		551928981B951E3F00C2C03B /* DinnerMenuTableViewController.swift in Sources */ = {isa = PBXBuildFile; fileRef = 551928901B951E3F00C2C03B /* DinnerMenuTableViewController.swift */; };
		551928991B951E3F00C2C03B /* LunchMenuTableViewController.swift in Sources */ = {isa = PBXBuildFile; fileRef = 551928911B951E3F00C2C03B /* LunchMenuTableViewController.swift */; };
		5519289A1B951E3F00C2C03B /* MenuTableViewCell.swift in Sources */ = {isa = PBXBuildFile; fileRef = 551928921B951E3F00C2C03B /* MenuTableViewCell.swift */; };
		5519289B1B951E3F00C2C03B /* MenuTableViewController.swift in Sources */ = {isa = PBXBuildFile; fileRef = 551928931B951E3F00C2C03B /* MenuTableViewController.swift */; };
		5519289C1B951E3F00C2C03B /* MenuTableViewEmptyCell.swift in Sources */ = {isa = PBXBuildFile; fileRef = 551928941B951E3F00C2C03B /* MenuTableViewEmptyCell.swift */; };
		5519289D1B951E3F00C2C03B /* MenuTableViewHeaderCell.swift in Sources */ = {isa = PBXBuildFile; fileRef = 551928951B951E3F00C2C03B /* MenuTableViewHeaderCell.swift */; };
		5519289E1B951E3F00C2C03B /* MenuViewController.swift in Sources */ = {isa = PBXBuildFile; fileRef = 551928961B951E3F00C2C03B /* MenuViewController.swift */; };
		551928AB1B9872F700C2C03B /* LaunchScreen.xib in Resources */ = {isa = PBXBuildFile; fileRef = 551928A71B9872F700C2C03B /* LaunchScreen.xib */; };
		551928AC1B9872F700C2C03B /* Main.storyboard in Resources */ = {isa = PBXBuildFile; fileRef = 551928A91B9872F700C2C03B /* Main.storyboard */; };
		553A90D71B74559600E04B4E /* SequenceTableViewController.swift in Sources */ = {isa = PBXBuildFile; fileRef = 553A90D61B74559600E04B4E /* SequenceTableViewController.swift */; };
		553A90D91B748FAE00E04B4E /* SequenceTableViewHeaderCell.swift in Sources */ = {isa = PBXBuildFile; fileRef = 553A90D81B748FAE00E04B4E /* SequenceTableViewHeaderCell.swift */; };
		553A90DB1B748FBA00E04B4E /* SequenceTableViewCell.swift in Sources */ = {isa = PBXBuildFile; fileRef = 553A90DA1B748FBA00E04B4E /* SequenceTableViewCell.swift */; };
		553A90FD1B750E1F00E04B4E /* SharedData.swift in Sources */ = {isa = PBXBuildFile; fileRef = 553A90FC1B750E1F00E04B4E /* SharedData.swift */; };
		556ACE521B86FA0B00159D1B /* AppDelegate.swift in Sources */ = {isa = PBXBuildFile; fileRef = 556ACE511B86FA0B00159D1B /* AppDelegate.swift */; };
		55C9B6DB1B411C22001F3086 /* SikshaTests.swift in Sources */ = {isa = PBXBuildFile; fileRef = 55C9B6DA1B411C22001F3086 /* SikshaTests.swift */; };
		55E9C3EB1B65FB7900A8DDBA /* XMLParser.swift in Sources */ = {isa = PBXBuildFile; fileRef = 55E9C3EA1B65FB7900A8DDBA /* XMLParser.swift */; };
		55E9C3F71B6784B400A8DDBA /* SettingTableViewController.swift in Sources */ = {isa = PBXBuildFile; fileRef = 55E9C3F61B6784B400A8DDBA /* SettingTableViewController.swift */; };
		55E9C3F91B67855400A8DDBA /* VersionViewController.swift in Sources */ = {isa = PBXBuildFile; fileRef = 55E9C3F81B67855400A8DDBA /* VersionViewController.swift */; };
		55E9C3FB1B67855F00A8DDBA /* DeveloperViewController.swift in Sources */ = {isa = PBXBuildFile; fileRef = 55E9C3FA1B67855F00A8DDBA /* DeveloperViewController.swift */; };
		55E9C41C1B67D04100A8DDBA /* BookmarkTableViewCell.swift in Sources */ = {isa = PBXBuildFile; fileRef = 55E9C4141B67D04100A8DDBA /* BookmarkTableViewCell.swift */; };
		55E9C41D1B67D04100A8DDBA /* BookmarkTableViewController.swift in Sources */ = {isa = PBXBuildFile; fileRef = 55E9C4151B67D04100A8DDBA /* BookmarkTableViewController.swift */; };
		55E9C41E1B67D04100A8DDBA /* BookmarkTableViewEmptyCell.swift in Sources */ = {isa = PBXBuildFile; fileRef = 55E9C4161B67D04100A8DDBA /* BookmarkTableViewEmptyCell.swift */; };
		55E9C41F1B67D04100A8DDBA /* BookmarkTableViewHeaderCell.swift in Sources */ = {isa = PBXBuildFile; fileRef = 55E9C4171B67D04100A8DDBA /* BookmarkTableViewHeaderCell.swift */; };
		55E9C4201B67D04100A8DDBA /* BookmarkViewController.swift in Sources */ = {isa = PBXBuildFile; fileRef = 55E9C4181B67D04100A8DDBA /* BookmarkViewController.swift */; };
		55E9C4211B67D04100A8DDBA /* BreakfastBookmarkTableViewController.swift in Sources */ = {isa = PBXBuildFile; fileRef = 55E9C4191B67D04100A8DDBA /* BreakfastBookmarkTableViewController.swift */; };
		55E9C4221B67D04100A8DDBA /* DinnerBookmarkTableViewController.swift in Sources */ = {isa = PBXBuildFile; fileRef = 55E9C41A1B67D04100A8DDBA /* DinnerBookmarkTableViewController.swift */; };
		55E9C4231B67D04100A8DDBA /* LunchBookmarkTableViewController.swift in Sources */ = {isa = PBXBuildFile; fileRef = 55E9C41B1B67D04100A8DDBA /* LunchBookmarkTableViewController.swift */; };
		55E9C4281B67D19700A8DDBA /* data.xml in Resources */ = {isa = PBXBuildFile; fileRef = 55E9C4271B67D19700A8DDBA /* data.xml */; };
		55E9C42D1B67D3CA00A8DDBA /* Arita-Dotum-Medium.otf in Resources */ = {isa = PBXBuildFile; fileRef = 55E9C4291B67D1BC00A8DDBA /* Arita-Dotum-Medium.otf */; };
		55E9C42E1B67D3CA00A8DDBA /* BM-Hanna.ttf in Resources */ = {isa = PBXBuildFile; fileRef = 55E9C42A1B67D1BC00A8DDBA /* BM-Hanna.ttf */; };
		55E9C42F1B67D3CA00A8DDBA /* BM-Jua.ttf in Resources */ = {isa = PBXBuildFile; fileRef = 55E9C42B1B67D1BC00A8DDBA /* BM-Jua.ttf */; };
		55E9C4311B67D4E900A8DDBA /* TabBarController.swift in Sources */ = {isa = PBXBuildFile; fileRef = 55E9C4301B67D4E900A8DDBA /* TabBarController.swift */; };
/* End PBXBuildFile section */

/* Begin PBXContainerItemProxy section */
		55C9B6D51B411C22001F3086 /* PBXContainerItemProxy */ = {
			isa = PBXContainerItemProxy;
			containerPortal = 55C9B6B71B411C22001F3086 /* Project object */;
			proxyType = 1;
			remoteGlobalIDString = 55C9B6BE1B411C22001F3086;
			remoteInfo = Siksha;
		};
/* End PBXContainerItemProxy section */

/* Begin PBXCopyFilesBuildPhase section */
		55E9C4471B71F2CF00A8DDBA /* Embed App Extensions */ = {
			isa = PBXCopyFilesBuildPhase;
			buildActionMask = 2147483647;
			dstPath = "";
			dstSubfolderSpec = 13;
			files = (
			);
			name = "Embed App Extensions";
			runOnlyForDeploymentPostprocessing = 0;
		};
/* End PBXCopyFilesBuildPhase section */

/* Begin PBXFileReference section */
		550936771B656F7B00651C76 /* MenuDictionary.swift */ = {isa = PBXFileReference; fileEncoding = 4; lastKnownFileType = sourcecode.swift; path = MenuDictionary.swift; sourceTree = "<group>"; };
		550936781B656F7B00651C76 /* Calendar.swift */ = {isa = PBXFileReference; fileEncoding = 4; lastKnownFileType = sourcecode.swift; path = Calendar.swift; sourceTree = "<group>"; };
		5509367B1B656F7B00651C76 /* Images.xcassets */ = {isa = PBXFileReference; lastKnownFileType = folder.assetcatalog; path = Images.xcassets; sourceTree = "<group>"; };
		5509367C1B656F7B00651C76 /* Info.plist */ = {isa = PBXFileReference; fileEncoding = 4; lastKnownFileType = text.plist.xml; path = Info.plist; sourceTree = "<group>"; };
		5509367E1B656F7B00651C76 /* JSONDownloader.swift */ = {isa = PBXFileReference; fileEncoding = 4; lastKnownFileType = sourcecode.swift; path = JSONDownloader.swift; sourceTree = "<group>"; };
		5509367F1B656F7B00651C76 /* JSONParser.swift */ = {isa = PBXFileReference; fileEncoding = 4; lastKnownFileType = sourcecode.swift; path = JSONParser.swift; sourceTree = "<group>"; };
		550936831B656F7B00651C76 /* Menu.swift */ = {isa = PBXFileReference; fileEncoding = 4; lastKnownFileType = sourcecode.swift; path = Menu.swift; sourceTree = "<group>"; };
		550936841B656F7B00651C76 /* Preference.swift */ = {isa = PBXFileReference; fileEncoding = 4; lastKnownFileType = sourcecode.swift; path = Preference.swift; sourceTree = "<group>"; };
		550936AC1B65F7FC00651C76 /* AboutViewController.swift */ = {isa = PBXFileReference; fileEncoding = 4; lastKnownFileType = sourcecode.swift; name = AboutViewController.swift; path = Siksha/AboutViewController.swift; sourceTree = SOURCE_ROOT; };
		5519288F1B951E3F00C2C03B /* BreakfastMenuTableViewController.swift */ = {isa = PBXFileReference; fileEncoding = 4; lastKnownFileType = sourcecode.swift; name = BreakfastMenuTableViewController.swift; path = MenuTableViewController/BreakfastMenuTableViewController.swift; sourceTree = "<group>"; };
		551928901B951E3F00C2C03B /* DinnerMenuTableViewController.swift */ = {isa = PBXFileReference; fileEncoding = 4; lastKnownFileType = sourcecode.swift; name = DinnerMenuTableViewController.swift; path = MenuTableViewController/DinnerMenuTableViewController.swift; sourceTree = "<group>"; };
		551928911B951E3F00C2C03B /* LunchMenuTableViewController.swift */ = {isa = PBXFileReference; fileEncoding = 4; lastKnownFileType = sourcecode.swift; name = LunchMenuTableViewController.swift; path = MenuTableViewController/LunchMenuTableViewController.swift; sourceTree = "<group>"; };
		551928921B951E3F00C2C03B /* MenuTableViewCell.swift */ = {isa = PBXFileReference; fileEncoding = 4; lastKnownFileType = sourcecode.swift; name = MenuTableViewCell.swift; path = MenuTableViewController/MenuTableViewCell.swift; sourceTree = "<group>"; };
		551928931B951E3F00C2C03B /* MenuTableViewController.swift */ = {isa = PBXFileReference; fileEncoding = 4; lastKnownFileType = sourcecode.swift; name = MenuTableViewController.swift; path = MenuTableViewController/MenuTableViewController.swift; sourceTree = "<group>"; };
		551928941B951E3F00C2C03B /* MenuTableViewEmptyCell.swift */ = {isa = PBXFileReference; fileEncoding = 4; lastKnownFileType = sourcecode.swift; name = MenuTableViewEmptyCell.swift; path = MenuTableViewController/MenuTableViewEmptyCell.swift; sourceTree = "<group>"; };
		551928951B951E3F00C2C03B /* MenuTableViewHeaderCell.swift */ = {isa = PBXFileReference; fileEncoding = 4; lastKnownFileType = sourcecode.swift; name = MenuTableViewHeaderCell.swift; path = MenuTableViewController/MenuTableViewHeaderCell.swift; sourceTree = "<group>"; };
		551928961B951E3F00C2C03B /* MenuViewController.swift */ = {isa = PBXFileReference; fileEncoding = 4; lastKnownFileType = sourcecode.swift; name = MenuViewController.swift; path = MenuTableViewController/MenuViewController.swift; sourceTree = "<group>"; };
		551928A81B9872F700C2C03B /* Ko */ = {isa = PBXFileReference; lastKnownFileType = file.xib; name = Ko; path = Siksha/Ko.lproj/LaunchScreen.xib; sourceTree = SOURCE_ROOT; };
		551928AA1B9872F700C2C03B /* Ko */ = {isa = PBXFileReference; lastKnownFileType = file.storyboard; name = Ko; path = Siksha/Ko.lproj/Main.storyboard; sourceTree = SOURCE_ROOT; };
		553A90D61B74559600E04B4E /* SequenceTableViewController.swift */ = {isa = PBXFileReference; fileEncoding = 4; lastKnownFileType = sourcecode.swift; name = SequenceTableViewController.swift; path = Siksha/SequenceTableViewController.swift; sourceTree = SOURCE_ROOT; };
		553A90D81B748FAE00E04B4E /* SequenceTableViewHeaderCell.swift */ = {isa = PBXFileReference; fileEncoding = 4; lastKnownFileType = sourcecode.swift; path = SequenceTableViewHeaderCell.swift; sourceTree = "<group>"; };
		553A90DA1B748FBA00E04B4E /* SequenceTableViewCell.swift */ = {isa = PBXFileReference; fileEncoding = 4; lastKnownFileType = sourcecode.swift; path = SequenceTableViewCell.swift; sourceTree = "<group>"; };
		553A90FC1B750E1F00E04B4E /* SharedData.swift */ = {isa = PBXFileReference; fileEncoding = 4; lastKnownFileType = sourcecode.swift; path = SharedData.swift; sourceTree = "<group>"; };
		555297811B720A9B00F6B80B /* Siksha.entitlements */ = {isa = PBXFileReference; lastKnownFileType = text.xml; path = Siksha.entitlements; sourceTree = "<group>"; };
		556ACE511B86FA0B00159D1B /* AppDelegate.swift */ = {isa = PBXFileReference; fileEncoding = 4; lastKnownFileType = sourcecode.swift; path = AppDelegate.swift; sourceTree = "<group>"; };
		55C9B6BF1B411C22001F3086 /* Siksha.app */ = {isa = PBXFileReference; explicitFileType = wrapper.application; includeInIndex = 0; path = Siksha.app; sourceTree = BUILT_PRODUCTS_DIR; };
		55C9B6D41B411C22001F3086 /* SikshaTests.xctest */ = {isa = PBXFileReference; explicitFileType = wrapper.cfbundle; includeInIndex = 0; path = SikshaTests.xctest; sourceTree = BUILT_PRODUCTS_DIR; };
		55C9B6D91B411C22001F3086 /* Info.plist */ = {isa = PBXFileReference; lastKnownFileType = text.plist.xml; path = Info.plist; sourceTree = "<group>"; };
		55C9B6DA1B411C22001F3086 /* SikshaTests.swift */ = {isa = PBXFileReference; lastKnownFileType = sourcecode.swift; path = SikshaTests.swift; sourceTree = "<group>"; };
		55E9C3EA1B65FB7900A8DDBA /* XMLParser.swift */ = {isa = PBXFileReference; fileEncoding = 4; lastKnownFileType = sourcecode.swift; path = XMLParser.swift; sourceTree = "<group>"; };
		55E9C3F61B6784B400A8DDBA /* SettingTableViewController.swift */ = {isa = PBXFileReference; fileEncoding = 4; lastKnownFileType = sourcecode.swift; path = SettingTableViewController.swift; sourceTree = "<group>"; };
		55E9C3F81B67855400A8DDBA /* VersionViewController.swift */ = {isa = PBXFileReference; fileEncoding = 4; lastKnownFileType = sourcecode.swift; path = VersionViewController.swift; sourceTree = "<group>"; };
		55E9C3FA1B67855F00A8DDBA /* DeveloperViewController.swift */ = {isa = PBXFileReference; fileEncoding = 4; lastKnownFileType = sourcecode.swift; path = DeveloperViewController.swift; sourceTree = "<group>"; };
		55E9C4141B67D04100A8DDBA /* BookmarkTableViewCell.swift */ = {isa = PBXFileReference; fileEncoding = 4; lastKnownFileType = sourcecode.swift; name = BookmarkTableViewCell.swift; path = BookmarkTableViewController/BookmarkTableViewCell.swift; sourceTree = "<group>"; };
		55E9C4151B67D04100A8DDBA /* BookmarkTableViewController.swift */ = {isa = PBXFileReference; fileEncoding = 4; lastKnownFileType = sourcecode.swift; name = BookmarkTableViewController.swift; path = BookmarkTableViewController/BookmarkTableViewController.swift; sourceTree = "<group>"; };
		55E9C4161B67D04100A8DDBA /* BookmarkTableViewEmptyCell.swift */ = {isa = PBXFileReference; fileEncoding = 4; lastKnownFileType = sourcecode.swift; name = BookmarkTableViewEmptyCell.swift; path = BookmarkTableViewController/BookmarkTableViewEmptyCell.swift; sourceTree = "<group>"; };
		55E9C4171B67D04100A8DDBA /* BookmarkTableViewHeaderCell.swift */ = {isa = PBXFileReference; fileEncoding = 4; lastKnownFileType = sourcecode.swift; name = BookmarkTableViewHeaderCell.swift; path = BookmarkTableViewController/BookmarkTableViewHeaderCell.swift; sourceTree = "<group>"; };
		55E9C4181B67D04100A8DDBA /* BookmarkViewController.swift */ = {isa = PBXFileReference; fileEncoding = 4; lastKnownFileType = sourcecode.swift; name = BookmarkViewController.swift; path = BookmarkTableViewController/BookmarkViewController.swift; sourceTree = "<group>"; };
		55E9C4191B67D04100A8DDBA /* BreakfastBookmarkTableViewController.swift */ = {isa = PBXFileReference; fileEncoding = 4; lastKnownFileType = sourcecode.swift; name = BreakfastBookmarkTableViewController.swift; path = BookmarkTableViewController/BreakfastBookmarkTableViewController.swift; sourceTree = "<group>"; };
		55E9C41A1B67D04100A8DDBA /* DinnerBookmarkTableViewController.swift */ = {isa = PBXFileReference; fileEncoding = 4; lastKnownFileType = sourcecode.swift; name = DinnerBookmarkTableViewController.swift; path = BookmarkTableViewController/DinnerBookmarkTableViewController.swift; sourceTree = "<group>"; };
		55E9C41B1B67D04100A8DDBA /* LunchBookmarkTableViewController.swift */ = {isa = PBXFileReference; fileEncoding = 4; lastKnownFileType = sourcecode.swift; name = LunchBookmarkTableViewController.swift; path = BookmarkTableViewController/LunchBookmarkTableViewController.swift; sourceTree = "<group>"; };
		55E9C4271B67D19700A8DDBA /* data.xml */ = {isa = PBXFileReference; fileEncoding = 4; lastKnownFileType = text.xml; name = data.xml; path = Resources/data.xml; sourceTree = "<group>"; };
		55E9C4291B67D1BC00A8DDBA /* Arita-Dotum-Medium.otf */ = {isa = PBXFileReference; lastKnownFileType = file; name = "Arita-Dotum-Medium.otf"; path = "Resources/Fonts/Arita-Dotum-Medium.otf"; sourceTree = "<group>"; };
		55E9C42A1B67D1BC00A8DDBA /* BM-Hanna.ttf */ = {isa = PBXFileReference; lastKnownFileType = file; name = "BM-Hanna.ttf"; path = "Resources/Fonts/BM-Hanna.ttf"; sourceTree = "<group>"; };
		55E9C42B1B67D1BC00A8DDBA /* BM-Jua.ttf */ = {isa = PBXFileReference; lastKnownFileType = file; name = "BM-Jua.ttf"; path = "Resources/Fonts/BM-Jua.ttf"; sourceTree = "<group>"; };
		55E9C42C1B67D2E500A8DDBA /* Siksha-Bridging-Header.h */ = {isa = PBXFileReference; lastKnownFileType = sourcecode.c.h; path = "Siksha-Bridging-Header.h"; sourceTree = "<group>"; };
		55E9C4301B67D4E900A8DDBA /* TabBarController.swift */ = {isa = PBXFileReference; fileEncoding = 4; lastKnownFileType = sourcecode.swift; path = TabBarController.swift; sourceTree = "<group>"; };
		55E9C4381B71F2CE00A8DDBA /* NotificationCenter.framework */ = {isa = PBXFileReference; lastKnownFileType = wrapper.framework; name = NotificationCenter.framework; path = System/Library/Frameworks/NotificationCenter.framework; sourceTree = SDKROOT; };
/* End PBXFileReference section */

/* Begin PBXFrameworksBuildPhase section */
		55C9B6BC1B411C22001F3086 /* Frameworks */ = {
			isa = PBXFrameworksBuildPhase;
			buildActionMask = 2147483647;
			files = (
			);
			runOnlyForDeploymentPostprocessing = 0;
		};
		55C9B6D11B411C22001F3086 /* Frameworks */ = {
			isa = PBXFrameworksBuildPhase;
			buildActionMask = 2147483647;
			files = (
			);
			runOnlyForDeploymentPostprocessing = 0;
		};
/* End PBXFrameworksBuildPhase section */

/* Begin PBXGroup section */
		550936691B656F7B00651C76 /* Ko.lproj */ = {
			isa = PBXGroup;
			children = (
				551928A71B9872F700C2C03B /* LaunchScreen.xib */,
				551928A91B9872F700C2C03B /* Main.storyboard */,
			);
			name = Ko.lproj;
			path = Base.lproj;
			sourceTree = "<group>";
		};
		550936A81B656FA500651C76 /* Supporting Files */ = {
			isa = PBXGroup;
			children = (
				5509367C1B656F7B00651C76 /* Info.plist */,
			);
			name = "Supporting Files";
			sourceTree = "<group>";
		};
		55C9B6B61B411C22001F3086 = {
			isa = PBXGroup;
			children = (
				55C9B6C11B411C22001F3086 /* Siksha */,
				55C9B6D71B411C22001F3086 /* SikshaTests */,
				55E9C4371B71F2CE00A8DDBA /* Frameworks */,
				55C9B6C01B411C22001F3086 /* Products */,
			);
			sourceTree = "<group>";
		};
		55C9B6C01B411C22001F3086 /* Products */ = {
			isa = PBXGroup;
			children = (
				55C9B6BF1B411C22001F3086 /* Siksha.app */,
				55C9B6D41B411C22001F3086 /* SikshaTests.xctest */,
			);
			name = Products;
			sourceTree = "<group>";
		};
		55C9B6C11B411C22001F3086 /* Siksha */ = {
			isa = PBXGroup;
			children = (
				555297811B720A9B00F6B80B /* Siksha.entitlements */,
				55E9C42C1B67D2E500A8DDBA /* Siksha-Bridging-Header.h */,
				556ACE511B86FA0B00159D1B /* AppDelegate.swift */,
				55E9C4021B67C75B00A8DDBA /* Resources */,
				55E9C4011B67C08300A8DDBA /* BookmarkTableViewController */,
				55E9C4001B67C01500A8DDBA /* MenuTableViewController */,
				550936691B656F7B00651C76 /* Ko.lproj */,
				55E9C4301B67D4E900A8DDBA /* TabBarController.swift */,
				550936AC1B65F7FC00651C76 /* AboutViewController.swift */,
				55E9C3F61B6784B400A8DDBA /* SettingTableViewController.swift */,
				553A90D61B74559600E04B4E /* SequenceTableViewController.swift */,
				553A90D81B748FAE00E04B4E /* SequenceTableViewHeaderCell.swift */,
				553A90DA1B748FBA00E04B4E /* SequenceTableViewCell.swift */,
				55E9C3F81B67855400A8DDBA /* VersionViewController.swift */,
				55E9C3FA1B67855F00A8DDBA /* DeveloperViewController.swift */,
				550936771B656F7B00651C76 /* MenuDictionary.swift */,
				550936781B656F7B00651C76 /* Calendar.swift */,
				5509367E1B656F7B00651C76 /* JSONDownloader.swift */,
				5509367F1B656F7B00651C76 /* JSONParser.swift */,
				55E9C3EA1B65FB7900A8DDBA /* XMLParser.swift */,
				550936831B656F7B00651C76 /* Menu.swift */,
				550936841B656F7B00651C76 /* Preference.swift */,
				553A90FC1B750E1F00E04B4E /* SharedData.swift */,
				5509367B1B656F7B00651C76 /* Images.xcassets */,
				550936A81B656FA500651C76 /* Supporting Files */,
			);
			path = Siksha;
			sourceTree = "<group>";
		};
		55C9B6D71B411C22001F3086 /* SikshaTests */ = {
			isa = PBXGroup;
			children = (
				55C9B6DA1B411C22001F3086 /* SikshaTests.swift */,
				55C9B6D81B411C22001F3086 /* Supporting Files */,
			);
			path = SikshaTests;
			sourceTree = "<group>";
		};
		55C9B6D81B411C22001F3086 /* Supporting Files */ = {
			isa = PBXGroup;
			children = (
				55C9B6D91B411C22001F3086 /* Info.plist */,
			);
			name = "Supporting Files";
			sourceTree = "<group>";
		};
		55E9C4001B67C01500A8DDBA /* MenuTableViewController */ = {
			isa = PBXGroup;
			children = (
				5519288F1B951E3F00C2C03B /* BreakfastMenuTableViewController.swift */,
				551928901B951E3F00C2C03B /* DinnerMenuTableViewController.swift */,
				551928911B951E3F00C2C03B /* LunchMenuTableViewController.swift */,
				551928921B951E3F00C2C03B /* MenuTableViewCell.swift */,
				551928931B951E3F00C2C03B /* MenuTableViewController.swift */,
				551928941B951E3F00C2C03B /* MenuTableViewEmptyCell.swift */,
				551928951B951E3F00C2C03B /* MenuTableViewHeaderCell.swift */,
				551928961B951E3F00C2C03B /* MenuViewController.swift */,
			);
			name = MenuTableViewController;
			sourceTree = "<group>";
		};
		55E9C4011B67C08300A8DDBA /* BookmarkTableViewController */ = {
			isa = PBXGroup;
			children = (
				55E9C4141B67D04100A8DDBA /* BookmarkTableViewCell.swift */,
				55E9C4151B67D04100A8DDBA /* BookmarkTableViewController.swift */,
				55E9C4161B67D04100A8DDBA /* BookmarkTableViewEmptyCell.swift */,
				55E9C4171B67D04100A8DDBA /* BookmarkTableViewHeaderCell.swift */,
				55E9C4181B67D04100A8DDBA /* BookmarkViewController.swift */,
				55E9C4191B67D04100A8DDBA /* BreakfastBookmarkTableViewController.swift */,
				55E9C41A1B67D04100A8DDBA /* DinnerBookmarkTableViewController.swift */,
				55E9C41B1B67D04100A8DDBA /* LunchBookmarkTableViewController.swift */,
			);
			name = BookmarkTableViewController;
			sourceTree = "<group>";
		};
		55E9C4021B67C75B00A8DDBA /* Resources */ = {
			isa = PBXGroup;
			children = (
				55E9C4271B67D19700A8DDBA /* data.xml */,
				55E9C4031B67C77100A8DDBA /* Fonts */,
			);
			name = Resources;
			sourceTree = "<group>";
		};
		55E9C4031B67C77100A8DDBA /* Fonts */ = {
			isa = PBXGroup;
			children = (
				55E9C4291B67D1BC00A8DDBA /* Arita-Dotum-Medium.otf */,
				55E9C42A1B67D1BC00A8DDBA /* BM-Hanna.ttf */,
				55E9C42B1B67D1BC00A8DDBA /* BM-Jua.ttf */,
			);
			name = Fonts;
			sourceTree = "<group>";
		};
		55E9C4371B71F2CE00A8DDBA /* Frameworks */ = {
			isa = PBXGroup;
			children = (
				55E9C4381B71F2CE00A8DDBA /* NotificationCenter.framework */,
			);
			name = Frameworks;
			sourceTree = "<group>";
		};
/* End PBXGroup section */

/* Begin PBXNativeTarget section */
		55C9B6BE1B411C22001F3086 /* Siksha */ = {
			isa = PBXNativeTarget;
			buildConfigurationList = 55C9B6DE1B411C22001F3086 /* Build configuration list for PBXNativeTarget "Siksha" */;
			buildPhases = (
				55C9B6BB1B411C22001F3086 /* Sources */,
				55C9B6BC1B411C22001F3086 /* Frameworks */,
				55C9B6BD1B411C22001F3086 /* Resources */,
				55E9C4471B71F2CF00A8DDBA /* Embed App Extensions */,
			);
			buildRules = (
			);
			dependencies = (
			);
			name = Siksha;
			productName = Siksha;
			productReference = 55C9B6BF1B411C22001F3086 /* Siksha.app */;
			productType = "com.apple.product-type.application";
		};
		55C9B6D31B411C22001F3086 /* SikshaTests */ = {
			isa = PBXNativeTarget;
			buildConfigurationList = 55C9B6E11B411C22001F3086 /* Build configuration list for PBXNativeTarget "SikshaTests" */;
			buildPhases = (
				55C9B6D01B411C22001F3086 /* Sources */,
				55C9B6D11B411C22001F3086 /* Frameworks */,
				55C9B6D21B411C22001F3086 /* Resources */,
			);
			buildRules = (
			);
			dependencies = (
				55C9B6D61B411C22001F3086 /* PBXTargetDependency */,
			);
			name = SikshaTests;
			productName = SikshaTests;
			productReference = 55C9B6D41B411C22001F3086 /* SikshaTests.xctest */;
			productType = "com.apple.product-type.bundle.unit-test";
		};
/* End PBXNativeTarget section */

/* Begin PBXProject section */
		55C9B6B71B411C22001F3086 /* Project object */ = {
			isa = PBXProject;
			attributes = {
				LastUpgradeCheck = 0630;
				ORGANIZATIONNAME = WaffleStudio;
				TargetAttributes = {
					55C9B6BE1B411C22001F3086 = {
						CreatedOnToolsVersion = 6.3.2;
						DevelopmentTeam = 587SS7X3DQ;
						SystemCapabilities = {
							com.apple.ApplicationGroups.iOS = {
								enabled = 0;
							};
						};
					};
					55C9B6D31B411C22001F3086 = {
						CreatedOnToolsVersion = 6.3.2;
						DevelopmentTeam = 587SS7X3DQ;
						TestTargetID = 55C9B6BE1B411C22001F3086;
					};
				};
			};
			buildConfigurationList = 55C9B6BA1B411C22001F3086 /* Build configuration list for PBXProject "Siksha-iOS" */;
			compatibilityVersion = "Xcode 3.2";
			developmentRegion = English;
			hasScannedForEncodings = 0;
			knownRegions = (
				Base,
				Ko,
			);
			mainGroup = 55C9B6B61B411C22001F3086;
			productRefGroup = 55C9B6C01B411C22001F3086 /* Products */;
			projectDirPath = "";
			projectRoot = "";
			targets = (
				55C9B6BE1B411C22001F3086 /* Siksha */,
				55C9B6D31B411C22001F3086 /* SikshaTests */,
			);
		};
/* End PBXProject section */

/* Begin PBXResourcesBuildPhase section */
		55C9B6BD1B411C22001F3086 /* Resources */ = {
			isa = PBXResourcesBuildPhase;
			buildActionMask = 2147483647;
			files = (
				551928AC1B9872F700C2C03B /* Main.storyboard in Resources */,
				55E9C42D1B67D3CA00A8DDBA /* Arita-Dotum-Medium.otf in Resources */,
				55E9C42E1B67D3CA00A8DDBA /* BM-Hanna.ttf in Resources */,
				55E9C42F1B67D3CA00A8DDBA /* BM-Jua.ttf in Resources */,
				55E9C4281B67D19700A8DDBA /* data.xml in Resources */,
				551928AB1B9872F700C2C03B /* LaunchScreen.xib in Resources */,
				5509369A1B656F7B00651C76 /* Images.xcassets in Resources */,
			);
			runOnlyForDeploymentPostprocessing = 0;
		};
		55C9B6D21B411C22001F3086 /* Resources */ = {
			isa = PBXResourcesBuildPhase;
			buildActionMask = 2147483647;
			files = (
			);
			runOnlyForDeploymentPostprocessing = 0;
		};
/* End PBXResourcesBuildPhase section */

/* Begin PBXSourcesBuildPhase section */
		55C9B6BB1B411C22001F3086 /* Sources */ = {
			isa = PBXSourcesBuildPhase;
			buildActionMask = 2147483647;
			files = (
				556ACE521B86FA0B00159D1B /* AppDelegate.swift in Sources */,
				5519289D1B951E3F00C2C03B /* MenuTableViewHeaderCell.swift in Sources */,
				55E9C4231B67D04100A8DDBA /* LunchBookmarkTableViewController.swift in Sources */,
				55E9C3F71B6784B400A8DDBA /* SettingTableViewController.swift in Sources */,
				55E9C41E1B67D04100A8DDBA /* BookmarkTableViewEmptyCell.swift in Sources */,
				550936971B656F7B00651C76 /* Calendar.swift in Sources */,
				550936A21B656F7B00651C76 /* Menu.swift in Sources */,
				5509369E1B656F7B00651C76 /* JSONParser.swift in Sources */,
				550936AD1B65F7FC00651C76 /* AboutViewController.swift in Sources */,
				55E9C41F1B67D04100A8DDBA /* BookmarkTableViewHeaderCell.swift in Sources */,
				5519289E1B951E3F00C2C03B /* MenuViewController.swift in Sources */,
				55E9C41C1B67D04100A8DDBA /* BookmarkTableViewCell.swift in Sources */,
				551928981B951E3F00C2C03B /* DinnerMenuTableViewController.swift in Sources */,
				550936A31B656F7B00651C76 /* Preference.swift in Sources */,
				55E9C3FB1B67855F00A8DDBA /* DeveloperViewController.swift in Sources */,
				55E9C4221B67D04100A8DDBA /* DinnerBookmarkTableViewController.swift in Sources */,
				553A90FD1B750E1F00E04B4E /* SharedData.swift in Sources */,
				553A90DB1B748FBA00E04B4E /* SequenceTableViewCell.swift in Sources */,
				5519289B1B951E3F00C2C03B /* MenuTableViewController.swift in Sources */,
				55E9C3F91B67855400A8DDBA /* VersionViewController.swift in Sources */,
				553A90D91B748FAE00E04B4E /* SequenceTableViewHeaderCell.swift in Sources */,
				5509369D1B656F7B00651C76 /* JSONDownloader.swift in Sources */,
				5519289C1B951E3F00C2C03B /* MenuTableViewEmptyCell.swift in Sources */,
				55E9C4311B67D4E900A8DDBA /* TabBarController.swift in Sources */,
				55E9C4211B67D04100A8DDBA /* BreakfastBookmarkTableViewController.swift in Sources */,
				55E9C41D1B67D04100A8DDBA /* BookmarkTableViewController.swift in Sources */,
				550936961B656F7B00651C76 /* MenuDictionary.swift in Sources */,
				5519289A1B951E3F00C2C03B /* MenuTableViewCell.swift in Sources */,
				55E9C3EB1B65FB7900A8DDBA /* XMLParser.swift in Sources */,
				553A90D71B74559600E04B4E /* SequenceTableViewController.swift in Sources */,
				551928971B951E3F00C2C03B /* BreakfastMenuTableViewController.swift in Sources */,
				55E9C4201B67D04100A8DDBA /* BookmarkViewController.swift in Sources */,
				551928991B951E3F00C2C03B /* LunchMenuTableViewController.swift in Sources */,
			);
			runOnlyForDeploymentPostprocessing = 0;
		};
		55C9B6D01B411C22001F3086 /* Sources */ = {
			isa = PBXSourcesBuildPhase;
			buildActionMask = 2147483647;
			files = (
				55C9B6DB1B411C22001F3086 /* SikshaTests.swift in Sources */,
			);
			runOnlyForDeploymentPostprocessing = 0;
		};
/* End PBXSourcesBuildPhase section */

/* Begin PBXTargetDependency section */
		55C9B6D61B411C22001F3086 /* PBXTargetDependency */ = {
			isa = PBXTargetDependency;
			target = 55C9B6BE1B411C22001F3086 /* Siksha */;
			targetProxy = 55C9B6D51B411C22001F3086 /* PBXContainerItemProxy */;
		};
/* End PBXTargetDependency section */

/* Begin PBXVariantGroup section */
		551928A71B9872F700C2C03B /* LaunchScreen.xib */ = {
			isa = PBXVariantGroup;
			children = (
				551928A81B9872F700C2C03B /* Ko */,
			);
			name = LaunchScreen.xib;
			sourceTree = "<group>";
		};
		551928A91B9872F700C2C03B /* Main.storyboard */ = {
			isa = PBXVariantGroup;
			children = (
				551928AA1B9872F700C2C03B /* Ko */,
			);
			name = Main.storyboard;
			sourceTree = "<group>";
		};
/* End PBXVariantGroup section */

/* Begin XCBuildConfiguration section */
		55C9B6DC1B411C22001F3086 /* Debug */ = {
			isa = XCBuildConfiguration;
			buildSettings = {
				ALWAYS_SEARCH_USER_PATHS = NO;
				CLANG_CXX_LANGUAGE_STANDARD = "gnu++0x";
				CLANG_CXX_LIBRARY = "libc++";
				CLANG_ENABLE_MODULES = YES;
				CLANG_ENABLE_OBJC_ARC = YES;
				CLANG_WARN_BOOL_CONVERSION = YES;
				CLANG_WARN_CONSTANT_CONVERSION = YES;
				CLANG_WARN_DIRECT_OBJC_ISA_USAGE = YES_ERROR;
				CLANG_WARN_EMPTY_BODY = YES;
				CLANG_WARN_ENUM_CONVERSION = YES;
				CLANG_WARN_INT_CONVERSION = YES;
				CLANG_WARN_OBJC_ROOT_CLASS = YES_ERROR;
				CLANG_WARN_UNREACHABLE_CODE = YES;
				CLANG_WARN__DUPLICATE_METHOD_MATCH = YES;
				CODE_SIGN_IDENTITY = "iPhone Developer: Gyu Kang (7AAZR5Z9C8)";
				"CODE_SIGN_IDENTITY[sdk=iphoneos*]" = "iPhone Developer: Gyu Kang (7AAZR5Z9C8)";
				COPY_PHASE_STRIP = NO;
				DEBUG_INFORMATION_FORMAT = "dwarf-with-dsym";
				ENABLE_STRICT_OBJC_MSGSEND = YES;
				GCC_C_LANGUAGE_STANDARD = gnu99;
				GCC_DYNAMIC_NO_PIC = NO;
				GCC_NO_COMMON_BLOCKS = YES;
				GCC_OPTIMIZATION_LEVEL = 0;
				GCC_PREPROCESSOR_DEFINITIONS = (
					"DEBUG=1",
					"$(inherited)",
				);
				GCC_SYMBOLS_PRIVATE_EXTERN = NO;
				GCC_WARN_64_TO_32_BIT_CONVERSION = YES;
				GCC_WARN_ABOUT_RETURN_TYPE = YES_ERROR;
				GCC_WARN_UNDECLARED_SELECTOR = YES;
				GCC_WARN_UNINITIALIZED_AUTOS = YES_AGGRESSIVE;
				GCC_WARN_UNUSED_FUNCTION = YES;
				GCC_WARN_UNUSED_VARIABLE = YES;
				IPHONEOS_DEPLOYMENT_TARGET = 7.0;
				MTL_ENABLE_DEBUG_INFO = YES;
				ONLY_ACTIVE_ARCH = NO;
				PROVISIONING_PROFILE = "112475b1-1917-464a-b709-c87d11cf7955";
				SDKROOT = iphoneos;
				SWIFT_OPTIMIZATION_LEVEL = "-Onone";
				TARGETED_DEVICE_FAMILY = "1,2";
				VALID_ARCHS = "armv7 armv7s arm64";
			};
			name = Debug;
		};
		55C9B6DD1B411C22001F3086 /* Release */ = {
			isa = XCBuildConfiguration;
			buildSettings = {
				ALWAYS_SEARCH_USER_PATHS = NO;
				CLANG_CXX_LANGUAGE_STANDARD = "gnu++0x";
				CLANG_CXX_LIBRARY = "libc++";
				CLANG_ENABLE_MODULES = YES;
				CLANG_ENABLE_OBJC_ARC = YES;
				CLANG_WARN_BOOL_CONVERSION = YES;
				CLANG_WARN_CONSTANT_CONVERSION = YES;
				CLANG_WARN_DIRECT_OBJC_ISA_USAGE = YES_ERROR;
				CLANG_WARN_EMPTY_BODY = YES;
				CLANG_WARN_ENUM_CONVERSION = YES;
				CLANG_WARN_INT_CONVERSION = YES;
				CLANG_WARN_OBJC_ROOT_CLASS = YES_ERROR;
				CLANG_WARN_UNREACHABLE_CODE = YES;
				CLANG_WARN__DUPLICATE_METHOD_MATCH = YES;
				CODE_SIGN_IDENTITY = "iPhone Distribution: Gyu Kang (587SS7X3DQ)";
				"CODE_SIGN_IDENTITY[sdk=iphoneos*]" = "iPhone Distribution: Gyu Kang (587SS7X3DQ)";
				COPY_PHASE_STRIP = NO;
				DEBUG_INFORMATION_FORMAT = "dwarf-with-dsym";
				ENABLE_NS_ASSERTIONS = NO;
				ENABLE_STRICT_OBJC_MSGSEND = YES;
				GCC_C_LANGUAGE_STANDARD = gnu99;
				GCC_NO_COMMON_BLOCKS = YES;
				GCC_WARN_64_TO_32_BIT_CONVERSION = YES;
				GCC_WARN_ABOUT_RETURN_TYPE = YES_ERROR;
				GCC_WARN_UNDECLARED_SELECTOR = YES;
				GCC_WARN_UNINITIALIZED_AUTOS = YES_AGGRESSIVE;
				GCC_WARN_UNUSED_FUNCTION = YES;
				GCC_WARN_UNUSED_VARIABLE = YES;
				IPHONEOS_DEPLOYMENT_TARGET = 7.0;
				MTL_ENABLE_DEBUG_INFO = NO;
				ONLY_ACTIVE_ARCH = NO;
				PROVISIONING_PROFILE = "12d1ae15-20c0-43a9-a7c8-8cfcff617f01";
				SDKROOT = iphoneos;
				TARGETED_DEVICE_FAMILY = "1,2";
				VALIDATE_PRODUCT = YES;
				VALID_ARCHS = "armv7 armv7s arm64";
			};
			name = Release;
		};
		55C9B6DF1B411C22001F3086 /* Debug */ = {
			isa = XCBuildConfiguration;
			buildSettings = {
				ARCHS = "$(ARCHS_STANDARD)";
				ASSETCATALOG_COMPILER_APPICON_NAME = AppIcon;
				ASSETCATALOG_COMPILER_LAUNCHIMAGE_NAME = LaunchImage;
				CLANG_ENABLE_MODULES = YES;
				CODE_SIGN_IDENTITY = "iPhone Developer: Gyu Kang (7AAZR5Z9C8)";
				"CODE_SIGN_IDENTITY[sdk=iphoneos*]" = "iPhone Developer: Gyu Kang (7AAZR5Z9C8)";
				INFOPLIST_FILE = Siksha/Info.plist;
				IPHONEOS_DEPLOYMENT_TARGET = 7.0;
				LD_RUNPATH_SEARCH_PATHS = "$(inherited) @executable_path/Frameworks";
				ONLY_ACTIVE_ARCH = NO;
				PRODUCT_NAME = "$(TARGET_NAME)";
				PROVISIONING_PROFILE = "112475b1-1917-464a-b709-c87d11cf7955";
				SWIFT_OBJC_BRIDGING_HEADER = "Siksha/Siksha-Bridging-Header.h";
				SWIFT_OPTIMIZATION_LEVEL = "-Onone";
				TARGETED_DEVICE_FAMILY = 1;
				VALID_ARCHS = "armv7 armv7s arm64";
			};
			name = Debug;
		};
		55C9B6E01B411C22001F3086 /* Release */ = {
			isa = XCBuildConfiguration;
			buildSettings = {
				ARCHS = "$(ARCHS_STANDARD)";
				ASSETCATALOG_COMPILER_APPICON_NAME = AppIcon;
				ASSETCATALOG_COMPILER_LAUNCHIMAGE_NAME = LaunchImage;
				CLANG_ENABLE_MODULES = YES;
				CODE_SIGN_IDENTITY = "iPhone Distribution: Gyu Kang (587SS7X3DQ)";
				"CODE_SIGN_IDENTITY[sdk=iphoneos*]" = "iPhone Distribution: Gyu Kang (587SS7X3DQ)";
				INFOPLIST_FILE = Siksha/Info.plist;
				IPHONEOS_DEPLOYMENT_TARGET = 7.0;
				LD_RUNPATH_SEARCH_PATHS = "$(inherited) @executable_path/Frameworks";
				ONLY_ACTIVE_ARCH = NO;
				PRODUCT_NAME = "$(TARGET_NAME)";
				PROVISIONING_PROFILE = "12d1ae15-20c0-43a9-a7c8-8cfcff617f01";
				SWIFT_OBJC_BRIDGING_HEADER = "Siksha/Siksha-Bridging-Header.h";
				TARGETED_DEVICE_FAMILY = 1;
				VALID_ARCHS = "armv7 armv7s arm64";
			};
			name = Release;
		};
		55C9B6E21B411C22001F3086 /* Debug */ = {
			isa = XCBuildConfiguration;
			buildSettings = {
				BUNDLE_LOADER = "$(TEST_HOST)";
				CODE_SIGN_IDENTITY = "iPhone Developer: Gyu Kang (7AAZR5Z9C8)";
				"CODE_SIGN_IDENTITY[sdk=iphoneos*]" = "iPhone Developer: Gyu Kang (7AAZR5Z9C8)";
				FRAMEWORK_SEARCH_PATHS = (
					"$(SDKROOT)/Developer/Library/Frameworks",
					"$(inherited)",
				);
				GCC_PREPROCESSOR_DEFINITIONS = (
					"DEBUG=1",
					"$(inherited)",
				);
				INFOPLIST_FILE = SikshaTests/Info.plist;
				LD_RUNPATH_SEARCH_PATHS = "$(inherited) @executable_path/Frameworks @loader_path/Frameworks";
				PRODUCT_NAME = "$(TARGET_NAME)";
				PROVISIONING_PROFILE = "";
				TEST_HOST = "$(BUILT_PRODUCTS_DIR)/Siksha.app/Siksha";
			};
			name = Debug;
		};
		55C9B6E31B411C22001F3086 /* Release */ = {
			isa = XCBuildConfiguration;
			buildSettings = {
				BUNDLE_LOADER = "$(TEST_HOST)";
				CODE_SIGN_IDENTITY = "iPhone Distribution: Gyu Kang (587SS7X3DQ)";
				"CODE_SIGN_IDENTITY[sdk=iphoneos*]" = "iPhone Distribution: Gyu Kang (587SS7X3DQ)";
				FRAMEWORK_SEARCH_PATHS = (
					"$(SDKROOT)/Developer/Library/Frameworks",
					"$(inherited)",
				);
				INFOPLIST_FILE = SikshaTests/Info.plist;
				LD_RUNPATH_SEARCH_PATHS = "$(inherited) @executable_path/Frameworks @loader_path/Frameworks";
				PRODUCT_NAME = "$(TARGET_NAME)";
				PROVISIONING_PROFILE = "";
				TEST_HOST = "$(BUILT_PRODUCTS_DIR)/Siksha.app/Siksha";
			};
			name = Release;
		};
/* End XCBuildConfiguration section */

/* Begin XCConfigurationList section */
		55C9B6BA1B411C22001F3086 /* Build configuration list for PBXProject "Siksha-iOS" */ = {
			isa = XCConfigurationList;
			buildConfigurations = (
				55C9B6DC1B411C22001F3086 /* Debug */,
				55C9B6DD1B411C22001F3086 /* Release */,
			);
			defaultConfigurationIsVisible = 0;
			defaultConfigurationName = Release;
		};
		55C9B6DE1B411C22001F3086 /* Build configuration list for PBXNativeTarget "Siksha" */ = {
			isa = XCConfigurationList;
			buildConfigurations = (
				55C9B6DF1B411C22001F3086 /* Debug */,
				55C9B6E01B411C22001F3086 /* Release */,
			);
			defaultConfigurationIsVisible = 0;
			defaultConfigurationName = Release;
		};
		55C9B6E11B411C22001F3086 /* Build configuration list for PBXNativeTarget "SikshaTests" */ = {
			isa = XCConfigurationList;
			buildConfigurations = (
				55C9B6E21B411C22001F3086 /* Debug */,
				55C9B6E31B411C22001F3086 /* Release */,
			);
			defaultConfigurationIsVisible = 0;
			defaultConfigurationName = Release;
		};
/* End XCConfigurationList section */
	};
	rootObject = 55C9B6B71B411C22001F3086 /* Project object */;
}
