// !$*UTF8*$!
{
	archiveVersion = 1;
	classes = {
	};
	objectVersion = 71;
	objects = {

/* Begin PBXBuildFile section */
		33C4561F2DDB6CA600BEFAB2 /* GoogleSignIn in Frameworks */ = {isa = PBXBuildFile; productRef = 33C4561E2DDB6CA600BEFAB2 /* GoogleSignIn */; };
		33C456212DDB6CA600BEFAB2 /* GoogleSignInSwift in Frameworks */ = {isa = PBXBuildFile; productRef = 33C456202DDB6CA600BEFAB2 /* GoogleSignInSwift */; };
		33EA41F62DDC6CEC00A9ADD0 /* Kingfisher in Frameworks */ = {isa = PBXBuildFile; productRef = 33EA41F52DDC6CEC00A9ADD0 /* Kingfisher */; };
		33EA41F92DDC6F1900A9ADD0 /* SwiftyJSON in Frameworks */ = {isa = PBXBuildFile; productRef = 33EA41F82DDC6F1900A9ADD0 /* SwiftyJSON */; };
		33EA41FC2DDDAEC200A9ADD0 /* FirebaseAnalyticsWithoutAdIdSupport in Frameworks */ = {isa = PBXBuildFile; productRef = 33EA41FB2DDDAEC200A9ADD0 /* FirebaseAnalyticsWithoutAdIdSupport */; };
		33EA41FE2DDDAEC200A9ADD0 /* FirebaseCrashlytics in Frameworks */ = {isa = PBXBuildFile; productRef = 33EA41FD2DDDAEC200A9ADD0 /* FirebaseCrashlytics */; };
		33EA42002DDDAEC200A9ADD0 /* FirebaseRemoteConfig in Frameworks */ = {isa = PBXBuildFile; productRef = 33EA41FF2DDDAEC200A9ADD0 /* FirebaseRemoteConfig */; };
		33EA42032DDEFEC800A9ADD0 /* RealmSwift in Frameworks */ = {isa = PBXBuildFile; productRef = 33EA42022DDEFEC800A9ADD0 /* RealmSwift */; };
		33EA42062DDF037F00A9ADD0 /* RealmSwift in Embed Frameworks */ = {isa = PBXBuildFile; productRef = 33EA42022DDEFEC800A9ADD0 /* RealmSwift */; settings = {ATTRIBUTES = (CodeSignOnCopy, ); }; };
		33EA42092DDF0DF100A9ADD0 /* JTAppleCalendar in Frameworks */ = {isa = PBXBuildFile; productRef = 33EA42082DDF0DF100A9ADD0 /* JTAppleCalendar */; };
		33EA420B2DDF0E9C00A9ADD0 /* JTAppleCalendar in Frameworks */ = {isa = PBXBuildFile; productRef = 33EA420A2DDF0E9C00A9ADD0 /* JTAppleCalendar */; };
		33EA420E2DDF130E00A9ADD0 /* BSImagePicker in Frameworks */ = {isa = PBXBuildFile; productRef = 33EA420D2DDF130E00A9ADD0 /* BSImagePicker */; };
		33EA42112DDF158600A9ADD0 /* NMapsMap in Frameworks */ = {isa = PBXBuildFile; productRef = 33EA42102DDF158600A9ADD0 /* NMapsMap */; };
		4E7A71BF2EB352CE00C910CE /* FirebaseMessaging in Frameworks */ = {isa = PBXBuildFile; productRef = 4E7A71BE2EB352CE00C910CE /* FirebaseMessaging */; };
		741BE3342CE3514D00A09881 /* KakaoSDK in Frameworks */ = {isa = PBXBuildFile; productRef = 741BE3332CE3514D00A09881 /* KakaoSDK */; };
		741BE3362CE3514D00A09881 /* KakaoSDKAuth in Frameworks */ = {isa = PBXBuildFile; productRef = 741BE3352CE3514D00A09881 /* KakaoSDKAuth */; };
		741BE3382CE3514D00A09881 /* KakaoSDKShare in Frameworks */ = {isa = PBXBuildFile; productRef = 741BE3372CE3514D00A09881 /* KakaoSDKShare */; };
		741BE33A2CE3514D00A09881 /* KakaoSDKTemplate in Frameworks */ = {isa = PBXBuildFile; productRef = 741BE3392CE3514D00A09881 /* KakaoSDKTemplate */; };
		741BE33C2CE3514D00A09881 /* KakaoSDKUser in Frameworks */ = {isa = PBXBuildFile; productRef = 741BE33B2CE3514D00A09881 /* KakaoSDKUser */; };
		A62E8CB22E0D91A300052DAE /* Mixpanel in Frameworks */ = {isa = PBXBuildFile; productRef = A62E8CB12E0D91A300052DAE /* Mixpanel */; };
/* End PBXBuildFile section */

/* Begin PBXContainerItemProxy section */
		1E3A56FE25C6FCE900DBB3F4 /* PBXContainerItemProxy */ = {
			isa = PBXContainerItemProxy;
			containerPortal = 1E3A56DF25C6FCE600DBB3F4 /* Project object */;
			proxyType = 1;
			remoteGlobalIDString = 1E3A56E625C6FCE600DBB3F4;
			remoteInfo = Siksha;
		};
		1E3A570925C6FCE900DBB3F4 /* PBXContainerItemProxy */ = {
			isa = PBXContainerItemProxy;
			containerPortal = 1E3A56DF25C6FCE600DBB3F4 /* Project object */;
			proxyType = 1;
			remoteGlobalIDString = 1E3A56E625C6FCE600DBB3F4;
			remoteInfo = Siksha;
		};
/* End PBXContainerItemProxy section */

/* Begin PBXCopyFilesBuildPhase section */
		33EA42052DDF014000A9ADD0 /* Embed Frameworks */ = {
			isa = PBXCopyFilesBuildPhase;
			buildActionMask = 2147483647;
			dstPath = "";
			dstSubfolderSpec = 10;
			files = (
				33EA42062DDF037F00A9ADD0 /* RealmSwift in Embed Frameworks */,
			);
			name = "Embed Frameworks";
			runOnlyForDeploymentPostprocessing = 0;
		};
/* End PBXCopyFilesBuildPhase section */

/* Begin PBXFileReference section */
		1E3A56E725C6FCE600DBB3F4 /* Siksha.app */ = {isa = PBXFileReference; explicitFileType = wrapper.application; includeInIndex = 0; path = Siksha.app; sourceTree = BUILT_PRODUCTS_DIR; };
		1E3A56FD25C6FCE900DBB3F4 /* SikshaTests.xctest */ = {isa = PBXFileReference; explicitFileType = wrapper.cfbundle; includeInIndex = 0; path = SikshaTests.xctest; sourceTree = BUILT_PRODUCTS_DIR; };
		1E3A570825C6FCE900DBB3F4 /* SikshaUITests.xctest */ = {isa = PBXFileReference; explicitFileType = wrapper.cfbundle; includeInIndex = 0; path = SikshaUITests.xctest; sourceTree = BUILT_PRODUCTS_DIR; };
		33DDF0D92DC0B6E600E202F1 /* FirebaseRemoteConfig.framework */ = {isa = PBXFileReference; explicitFileType = wrapper.framework; path = FirebaseRemoteConfig.framework; sourceTree = BUILT_PRODUCTS_DIR; };
/* End PBXFileReference section */

/* Begin PBXFileSystemSynchronizedBuildFileExceptionSet section */
		3333F9072F13F2DC004B13CA /* PBXFileSystemSynchronizedBuildFileExceptionSet */ = {
			isa = PBXFileSystemSynchronizedBuildFileExceptionSet;
			membershipExceptions = (
				Info.plist,
			);
			target = 1E3A56E625C6FCE600DBB3F4 /* Siksha */;
		};
		3333F90C2F13F2E6004B13CA /* PBXFileSystemSynchronizedBuildFileExceptionSet */ = {
			isa = PBXFileSystemSynchronizedBuildFileExceptionSet;
			membershipExceptions = (
				AccountManageViewModelTests.swift,
				AccountUseCaseTests.swift,
				AppStateTests.swift,
				AuthRepositoryImplTests.swift,
				AuthSessionLocalDataSourceTests.swift,
				AuthUseCaseTests.swift,
				DeviceTokenRemoteDataSourceTests.swift,
				DeviceTokenUseCaseTests.swift,
				ProfileEditViewModelTests.swift,
				RemoteConfigRepositoryImplTests.swift,
				RemoteImageLoaderTests.swift,
				RenewalSettingsViewModelTests.swift,
				ResolveInitialAuthStateUseCaseTests.swift,
				RestaurantLocalDataSourceTests.swift,
				SikshaAPIRequestTests.swift,
				SikshaTests.swift,
			);
			target = 1E3A56FC25C6FCE900DBB3F4 /* SikshaTests */;
		};
		3333F9112F13F2F1004B13CA /* PBXFileSystemSynchronizedBuildFileExceptionSet */ = {
			isa = PBXFileSystemSynchronizedBuildFileExceptionSet;
			membershipExceptions = (
				SikshaUITests.swift,
			);
			target = 1E3A570725C6FCE900DBB3F4 /* SikshaUITests */;
		};
/* End PBXFileSystemSynchronizedBuildFileExceptionSet section */

/* Begin PBXFileSystemSynchronizedRootGroup section */
		3333F86F2F13F2DC004B13CA /* Siksha */ = {isa = PBXFileSystemSynchronizedRootGroup; exceptions = (3333F9072F13F2DC004B13CA /* PBXFileSystemSynchronizedBuildFileExceptionSet */, ); explicitFileTypes = {}; explicitFolders = (); path = Siksha; sourceTree = "<group>"; };
		3333F90A2F13F2E6004B13CA /* SikshaTests */ = {isa = PBXFileSystemSynchronizedRootGroup; exceptions = (3333F90C2F13F2E6004B13CA /* PBXFileSystemSynchronizedBuildFileExceptionSet */, ); explicitFileTypes = {}; explicitFolders = (); path = SikshaTests; sourceTree = "<group>"; };
		3333F90F2F13F2F1004B13CA /* SikshaUITests */ = {isa = PBXFileSystemSynchronizedRootGroup; exceptions = (3333F9112F13F2F1004B13CA /* PBXFileSystemSynchronizedBuildFileExceptionSet */, ); explicitFileTypes = {}; explicitFolders = (); path = SikshaUITests; sourceTree = "<group>"; };
/* End PBXFileSystemSynchronizedRootGroup section */

/* Begin PBXFrameworksBuildPhase section */
		1E3A56E425C6FCE600DBB3F4 /* Frameworks */ = {
			isa = PBXFrameworksBuildPhase;
			buildActionMask = 2147483647;
			files = (
				741BE33A2CE3514D00A09881 /* KakaoSDKTemplate in Frameworks */,
				33EA42092DDF0DF100A9ADD0 /* JTAppleCalendar in Frameworks */,
				33EA42032DDEFEC800A9ADD0 /* RealmSwift in Frameworks */,
				741BE33C2CE3514D00A09881 /* KakaoSDKUser in Frameworks */,
				33EA41F62DDC6CEC00A9ADD0 /* Kingfisher in Frameworks */,
				33EA41FC2DDDAEC200A9ADD0 /* FirebaseAnalyticsWithoutAdIdSupport in Frameworks */,
				A62E8CB22E0D91A300052DAE /* Mixpanel in Frameworks */,
				33C456212DDB6CA600BEFAB2 /* GoogleSignInSwift in Frameworks */,
				4E7A71BF2EB352CE00C910CE /* FirebaseMessaging in Frameworks */,
				741BE3382CE3514D00A09881 /* KakaoSDKShare in Frameworks */,
				33EA420E2DDF130E00A9ADD0 /* BSImagePicker in Frameworks */,
				33EA420B2DDF0E9C00A9ADD0 /* JTAppleCalendar in Frameworks */,
				741BE3342CE3514D00A09881 /* KakaoSDK in Frameworks */,
				741BE3362CE3514D00A09881 /* KakaoSDKAuth in Frameworks */,
				33EA42112DDF158600A9ADD0 /* NMapsMap in Frameworks */,
				33EA41FE2DDDAEC200A9ADD0 /* FirebaseCrashlytics in Frameworks */,
				33EA42002DDDAEC200A9ADD0 /* FirebaseRemoteConfig in Frameworks */,
				33EA41F92DDC6F1900A9ADD0 /* SwiftyJSON in Frameworks */,
				33C4561F2DDB6CA600BEFAB2 /* GoogleSignIn in Frameworks */,
			);
			runOnlyForDeploymentPostprocessing = 0;
		};
		1E3A56FA25C6FCE900DBB3F4 /* Frameworks */ = {
			isa = PBXFrameworksBuildPhase;
			buildActionMask = 2147483647;
			files = (
			);
			runOnlyForDeploymentPostprocessing = 0;
		};
		1E3A570525C6FCE900DBB3F4 /* Frameworks */ = {
			isa = PBXFrameworksBuildPhase;
			buildActionMask = 2147483647;
			files = (
			);
			runOnlyForDeploymentPostprocessing = 0;
		};
/* End PBXFrameworksBuildPhase section */

/* Begin PBXGroup section */
		1E3A56DE25C6FCE600DBB3F4 = {
			isa = PBXGroup;
			children = (
				3333F86F2F13F2DC004B13CA /* Siksha */,
				3333F90A2F13F2E6004B13CA /* SikshaTests */,
				3333F90F2F13F2F1004B13CA /* SikshaUITests */,
				1E3A56E825C6FCE600DBB3F4 /* Products */,
				F13574AFDA3E6DA3A2951FE3 /* Frameworks */,
			);
			sourceTree = "<group>";
		};
		1E3A56E825C6FCE600DBB3F4 /* Products */ = {
			isa = PBXGroup;
			children = (
				1E3A56E725C6FCE600DBB3F4 /* Siksha.app */,
				1E3A56FD25C6FCE900DBB3F4 /* SikshaTests.xctest */,
				1E3A570825C6FCE900DBB3F4 /* SikshaUITests.xctest */,
			);
			name = Products;
			sourceTree = "<group>";
		};
		F13574AFDA3E6DA3A2951FE3 /* Frameworks */ = {
			isa = PBXGroup;
			children = (
				33DDF0D92DC0B6E600E202F1 /* FirebaseRemoteConfig.framework */,
			);
			name = Frameworks;
			sourceTree = "<group>";
		};
/* End PBXGroup section */

/* Begin PBXNativeTarget section */
		1E3A56E625C6FCE600DBB3F4 /* Siksha */ = {
			isa = PBXNativeTarget;
			buildConfigurationList = 1E3A571125C6FCE900DBB3F4 /* Build configuration list for PBXNativeTarget "Siksha" */;
			buildPhases = (
				336CC572300B1C9A001E45E6 /* Swift Format */,
				1E3A56E325C6FCE600DBB3F4 /* Sources */,
				1E3A56E425C6FCE600DBB3F4 /* Frameworks */,
				1E3A56E525C6FCE600DBB3F4 /* Resources */,
				33EA42052DDF014000A9ADD0 /* Embed Frameworks */,
				33DDF0E72DC2170B00E202F1 /* Firebase plist */,
				BF624A132BB5543F0061602B /* Google Crashlytics */,
			);
			buildRules = (
			);
			dependencies = (
			);
			fileSystemSynchronizedGroups = (
				3333F86F2F13F2DC004B13CA /* Siksha */,
			);
			name = Siksha;
			productName = Siksha;
			productReference = 1E3A56E725C6FCE600DBB3F4 /* Siksha.app */;
			productType = "com.apple.product-type.application";
		};
		1E3A56FC25C6FCE900DBB3F4 /* SikshaTests */ = {
			isa = PBXNativeTarget;
			buildConfigurationList = 1E3A571425C6FCE900DBB3F4 /* Build configuration list for PBXNativeTarget "SikshaTests" */;
			buildPhases = (
				336CC573300B20EC001E45E6 /* Swift Format */,
				1E3A56F925C6FCE900DBB3F4 /* Sources */,
				1E3A56FA25C6FCE900DBB3F4 /* Frameworks */,
				1E3A56FB25C6FCE900DBB3F4 /* Resources */,
			);
			buildRules = (
			);
			dependencies = (
				1E3A56FF25C6FCE900DBB3F4 /* PBXTargetDependency */,
			);
			name = SikshaTests;
			productName = SikshaTests;
			productReference = 1E3A56FD25C6FCE900DBB3F4 /* SikshaTests.xctest */;
			productType = "com.apple.product-type.bundle.unit-test";
		};
		1E3A570725C6FCE900DBB3F4 /* SikshaUITests */ = {
			isa = PBXNativeTarget;
			buildConfigurationList = 1E3A571725C6FCE900DBB3F4 /* Build configuration list for PBXNativeTarget "SikshaUITests" */;
			buildPhases = (
				336CC574300B2122001E45E6 /* Swift Format */,
				1E3A570425C6FCE900DBB3F4 /* Sources */,
				1E3A570525C6FCE900DBB3F4 /* Frameworks */,
				1E3A570625C6FCE900DBB3F4 /* Resources */,
			);
			buildRules = (
			);
			dependencies = (
				1E3A570A25C6FCE900DBB3F4 /* PBXTargetDependency */,
			);
			name = SikshaUITests;
			productName = SikshaUITests;
			productReference = 1E3A570825C6FCE900DBB3F4 /* SikshaUITests.xctest */;
			productType = "com.apple.product-type.bundle.ui-testing";
		};
/* End PBXNativeTarget section */

/* Begin PBXProject section */
		1E3A56DF25C6FCE600DBB3F4 /* Project object */ = {
			isa = PBXProject;
			attributes = {
				LastSwiftUpdateCheck = 1240;
				LastUpgradeCheck = 1240;
				TargetAttributes = {
					1E3A56E625C6FCE600DBB3F4 = {
						CreatedOnToolsVersion = 12.4;
					};
					1E3A56FC25C6FCE900DBB3F4 = {
						CreatedOnToolsVersion = 12.4;
						TestTargetID = 1E3A56E625C6FCE600DBB3F4;
					};
					1E3A570725C6FCE900DBB3F4 = {
						CreatedOnToolsVersion = 12.4;
						TestTargetID = 1E3A56E625C6FCE600DBB3F4;
					};
				};
			};
			buildConfigurationList = 1E3A56E225C6FCE600DBB3F4 /* Build configuration list for PBXProject "Siksha" */;
			compatibilityVersion = "Xcode 9.3";
			developmentRegion = en;
			hasScannedForEncodings = 0;
			knownRegions = (
				en,
				Base,
				ko,
			);
			mainGroup = 1E3A56DE25C6FCE600DBB3F4;
			packageReferences = (
				741BE3322CE3514D00A09881 /* XCRemoteSwiftPackageReference "kakao-ios-sdk" */,
				33C4561D2DDB6CA600BEFAB2 /* XCRemoteSwiftPackageReference "GoogleSignIn-iOS" */,
				33EA41F42DDC6CEC00A9ADD0 /* XCRemoteSwiftPackageReference "Kingfisher" */,
				33EA41F72DDC6F1900A9ADD0 /* XCRemoteSwiftPackageReference "SwiftyJSON" */,
				33EA41FA2DDDAEC200A9ADD0 /* XCRemoteSwiftPackageReference "firebase-ios-sdk" */,
				33EA42012DDEFEC800A9ADD0 /* XCRemoteSwiftPackageReference "realm-swift" */,
				33EA42072DDF0DF100A9ADD0 /* XCRemoteSwiftPackageReference "JTAppleCalendar" */,
				33EA420C2DDF130E00A9ADD0 /* XCRemoteSwiftPackageReference "BSImagePicker" */,
				33EA420F2DDF158600A9ADD0 /* XCRemoteSwiftPackageReference "SPM-NMapsMap" */,
				A62E8CB02E0D91A300052DAE /* XCRemoteSwiftPackageReference "mixpanel-swift" */,
			);
			productRefGroup = 1E3A56E825C6FCE600DBB3F4 /* Products */;
			projectDirPath = "";
			projectRoot = "";
			targets = (
				1E3A56E625C6FCE600DBB3F4 /* Siksha */,
				1E3A56FC25C6FCE900DBB3F4 /* SikshaTests */,
				1E3A570725C6FCE900DBB3F4 /* SikshaUITests */,
			);
		};
/* End PBXProject section */

/* Begin PBXResourcesBuildPhase section */
		1E3A56E525C6FCE600DBB3F4 /* Resources */ = {
			isa = PBXResourcesBuildPhase;
			buildActionMask = 2147483647;
			files = (
			);
			runOnlyForDeploymentPostprocessing = 0;
		};
		1E3A56FB25C6FCE900DBB3F4 /* Resources */ = {
			isa = PBXResourcesBuildPhase;
			buildActionMask = 2147483647;
			files = (
			);
			runOnlyForDeploymentPostprocessing = 0;
		};
		1E3A570625C6FCE900DBB3F4 /* Resources */ = {
			isa = PBXResourcesBuildPhase;
			buildActionMask = 2147483647;
			files = (
			);
			runOnlyForDeploymentPostprocessing = 0;
		};
/* End PBXResourcesBuildPhase section */

/* Begin PBXShellScriptBuildPhase section */
		336CC572300B1C9A001E45E6 /* Swift Format */ = {
			isa = PBXShellScriptBuildPhase;
			alwaysOutOfDate = 1;
			buildActionMask = 2147483647;
			files = (
			);
			inputFileListPaths = (
			);
			inputPaths = (
			);
			name = "Swift Format";
			outputFileListPaths = (
			);
			outputPaths = (
			);
			runOnlyForDeploymentPostprocessing = 0;
			shellPath = /bin/bash;
			shellScript = "set -euo pipefail\n\nif [[ \"${CONFIGURATION}\" != \"Debug\" ]]; then\n    exit 0\nfi\n\nif [[ \"${XCODE_RUNNING_FOR_PREVIEWS:-0}\" == \"1\" ]]; then\n    exit 0\nfi\n\nFORMATTER=\"$(xcrun --find swift-format)\"\nEXPECTED_VERSION=\"6.3.0\"\nACTUAL_VERSION=\"$(\"${FORMATTER}\" --version)\"\n\nif [[ \"${ACTUAL_VERSION}\" != \"${EXPECTED_VERSION}\" ]]; then\n    echo \"warning: Skipping swift-format; expected ${EXPECTED_VERSION}, found ${ACTUAL_VERSION}\"\n    exit 0\nfi\n\n\"${FORMATTER}\" format \\\n    --configuration \"${SRCROOT}/.swift-format\" \\\n    --recursive \\\n    --parallel \\\n    --in-place \\\n    \"${SRCROOT}/Siksha\"\n";
		};
		336CC573300B20EC001E45E6 /* Swift Format */ = {
			isa = PBXShellScriptBuildPhase;
			alwaysOutOfDate = 1;
			buildActionMask = 2147483647;
			files = (
			);
			inputFileListPaths = (
			);
			inputPaths = (
			);
			name = "Swift Format";
			outputFileListPaths = (
			);
			outputPaths = (
			);
			runOnlyForDeploymentPostprocessing = 0;
			shellPath = /bin/bash;
			shellScript = "set -euo pipefail\n\nif [[ \"${CONFIGURATION}\" != \"Debug\" ]]; then\n    exit 0\nfi\n\nif [[ \"${XCODE_RUNNING_FOR_PREVIEWS:-0}\" == \"1\" ]]; then\n    exit 0\nfi\n\nFORMATTER=\"$(xcrun --find swift-format)\"\nEXPECTED_VERSION=\"6.3.0\"\nACTUAL_VERSION=\"$(\"${FORMATTER}\" --version)\"\n\nif [[ \"${ACTUAL_VERSION}\" != \"${EXPECTED_VERSION}\" ]]; then\n    echo \"warning: Skipping swift-format; expected ${EXPECTED_VERSION}, found ${ACTUAL_VERSION}\"\n    exit 0\nfi\n\n\"${FORMATTER}\" format \\\n    --configuration \"${SRCROOT}/.swift-format\" \\\n    --recursive \\\n    --parallel \\\n    --in-place \\\n    \"${SRCROOT}/SikshaTests\"\n";
		};
		336CC574300B2122001E45E6 /* Swift Format */ = {
			isa = PBXShellScriptBuildPhase;
			alwaysOutOfDate = 1;
			buildActionMask = 2147483647;
			files = (
			);
			inputFileListPaths = (
			);
			inputPaths = (
			);
			name = "Swift Format";
			outputFileListPaths = (
			);
			outputPaths = (
			);
			runOnlyForDeploymentPostprocessing = 0;
			shellPath = /bin/bash;
			shellScript = "set -euo pipefail\n\nif [[ \"${CONFIGURATION}\" != \"Debug\" ]]; then\n    exit 0\nfi\n\nif [[ \"${XCODE_RUNNING_FOR_PREVIEWS:-0}\" == \"1\" ]]; then\n    exit 0\nfi\n\nFORMATTER=\"$(xcrun --find swift-format)\"\nEXPECTED_VERSION=\"6.3.0\"\nACTUAL_VERSION=\"$(\"${FORMATTER}\" --version)\"\n\nif [[ \"${ACTUAL_VERSION}\" != \"${EXPECTED_VERSION}\" ]]; then\n    echo \"warning: Skipping swift-format; expected ${EXPECTED_VERSION}, found ${ACTUAL_VERSION}\"\n    exit 0\nfi\n\n\"${FORMATTER}\" format \\\n    --configuration \"${SRCROOT}/.swift-format\" \\\n    --recursive \\\n    --parallel \\\n    --in-place \\\n    \"${SRCROOT}/SikshaUITests\"\n";
		};
		33DDF0E72DC2170B00E202F1 /* Firebase plist */ = {
			isa = PBXShellScriptBuildPhase;
			alwaysOutOfDate = 1;
			buildActionMask = 12;
			files = (
			);
			inputFileListPaths = (
			);
			inputPaths = (
			);
			name = "Firebase plist";
			outputFileListPaths = (
			);
			outputPaths = (
			);
			runOnlyForDeploymentPostprocessing = 0;
			shellPath = /bin/sh;
			shellScript = "# Type a script or drag a script file from your workspace to insert its path.\nPATH_TO_GOOGLE_PLISTS=\"${PROJECT_DIR}/Siksha/Supporting Files\"\n\ncase \"${CONFIGURATION}\" in\n\n   \"Debug\" )\n        cp -r \"$PATH_TO_GOOGLE_PLISTS/GoogleService-Info-dev.plist\" \"${BUILT_PRODUCTS_DIR}/${PRODUCT_NAME}.app/GoogleService-Info.plist\" ;;\n\n   \"Release\" )\n        cp -r \"$PATH_TO_GOOGLE_PLISTS/GoogleService-Info.plist\" \"${BUILT_PRODUCTS_DIR}/${PRODUCT_NAME}.app/GoogleService-Info.plist\" ;;\n\n    *)\n        ;;\nesac\n";
		};
		BF624A132BB5543F0061602B /* Google Crashlytics */ = {
			isa = PBXShellScriptBuildPhase;
			alwaysOutOfDate = 1;
			buildActionMask = 12;
			files = (
			);
			inputFileListPaths = (
			);
			inputPaths = (
				"${DWARF_DSYM_FOLDER_PATH}/${DWARF_DSYM_FILE_NAME}",
				"${DWARF_DSYM_FOLDER_PATH}/${DWARF_DSYM_FILE_NAME}/Contents/Resources/DWARF/${PRODUCT_NAME}",
				"${DWARF_DSYM_FOLDER_PATH}/${DWARF_DSYM_FILE_NAME}/Contents/Info.plist",
				"$(TARGET_BUILD_DIR)/Siksha/Supporting Files/GoogleService-Info.plist",
				"$(TARGET_BUILD_DIR)/$(EXECUTABLE_PATH)",
			);
			name = "Google Crashlytics";
			outputFileListPaths = (
			);
			outputPaths = (
			);
			runOnlyForDeploymentPostprocessing = 0;
			shellPath = /bin/sh;
			shellScript = "${BUILD_DIR%Build/*}/SourcePackages/checkouts/firebase-ios-sdk/Crashlytics/run\n";
		};
/* End PBXShellScriptBuildPhase section */

/* Begin PBXSourcesBuildPhase section */
		1E3A56E325C6FCE600DBB3F4 /* Sources */ = {
			isa = PBXSourcesBuildPhase;
			buildActionMask = 2147483647;
			files = (
			);
			runOnlyForDeploymentPostprocessing = 0;
		};
		1E3A56F925C6FCE900DBB3F4 /* Sources */ = {
			isa = PBXSourcesBuildPhase;
			buildActionMask = 2147483647;
			files = (
			);
			runOnlyForDeploymentPostprocessing = 0;
		};
		1E3A570425C6FCE900DBB3F4 /* Sources */ = {
			isa = PBXSourcesBuildPhase;
			buildActionMask = 2147483647;
			files = (
			);
			runOnlyForDeploymentPostprocessing = 0;
		};
/* End PBXSourcesBuildPhase section */

/* Begin PBXTargetDependency section */
		1E3A56FF25C6FCE900DBB3F4 /* PBXTargetDependency */ = {
			isa = PBXTargetDependency;
			target = 1E3A56E625C6FCE600DBB3F4 /* Siksha */;
			targetProxy = 1E3A56FE25C6FCE900DBB3F4 /* PBXContainerItemProxy */;
		};
		1E3A570A25C6FCE900DBB3F4 /* PBXTargetDependency */ = {
			isa = PBXTargetDependency;
			target = 1E3A56E625C6FCE600DBB3F4 /* Siksha */;
			targetProxy = 1E3A570925C6FCE900DBB3F4 /* PBXContainerItemProxy */;
		};
/* End PBXTargetDependency section */

/* Begin XCBuildConfiguration section */
		1E3A570F25C6FCE900DBB3F4 /* Debug */ = {
			isa = XCBuildConfiguration;
			baseConfigurationReferenceAnchor = 3333F86F2F13F2DC004B13CA /* Siksha */;
			baseConfigurationReferenceRelativePath = "Supporting Files/bundle-dev.xcconfig";
			buildSettings = {
				ALWAYS_SEARCH_USER_PATHS = NO;
				CLANG_ANALYZER_LOCALIZABILITY_NONLOCALIZED = YES;
				CLANG_ANALYZER_NONNULL = YES;
				CLANG_ANALYZER_NUMBER_OBJECT_CONVERSION = YES_AGGRESSIVE;
				CLANG_CXX_LANGUAGE_STANDARD = "gnu++14";
				CLANG_CXX_LIBRARY = "libc++";
				CLANG_ENABLE_MODULES = YES;
				CLANG_ENABLE_OBJC_ARC = YES;
				CLANG_ENABLE_OBJC_WEAK = YES;
				CLANG_WARN_BLOCK_CAPTURE_AUTORELEASING = YES;
				CLANG_WARN_BOOL_CONVERSION = YES;
				CLANG_WARN_COMMA = YES;
				CLANG_WARN_CONSTANT_CONVERSION = YES;
				CLANG_WARN_DEPRECATED_OBJC_IMPLEMENTATIONS = YES;
				CLANG_WARN_DIRECT_OBJC_ISA_USAGE = YES_ERROR;
				CLANG_WARN_DOCUMENTATION_COMMENTS = YES;
				CLANG_WARN_EMPTY_BODY = YES;
				CLANG_WARN_ENUM_CONVERSION = YES;
				CLANG_WARN_INFINITE_RECURSION = YES;
				CLANG_WARN_INT_CONVERSION = YES;
				CLANG_WARN_NON_LITERAL_NULL_CONVERSION = YES;
				CLANG_WARN_OBJC_IMPLICIT_RETAIN_SELF = YES;
				CLANG_WARN_OBJC_LITERAL_CONVERSION = YES;
				CLANG_WARN_OBJC_ROOT_CLASS = YES_ERROR;
				CLANG_WARN_QUOTED_INCLUDE_IN_FRAMEWORK_HEADER = YES;
				CLANG_WARN_RANGE_LOOP_ANALYSIS = YES;
				CLANG_WARN_STRICT_PROTOTYPES = YES;
				CLANG_WARN_SUSPICIOUS_MOVE = YES;
				CLANG_WARN_UNGUARDED_AVAILABILITY = YES_AGGRESSIVE;
				CLANG_WARN_UNREACHABLE_CODE = YES;
				CLANG_WARN__DUPLICATE_METHOD_MATCH = YES;
				COPY_PHASE_STRIP = NO;
				DEBUG_INFORMATION_FORMAT = dwarf;
				DEVELOPMENT_TEAM = ZHQQM4M49J;
				ENABLE_STRICT_OBJC_MSGSEND = YES;
				ENABLE_TESTABILITY = YES;
				GCC_C_LANGUAGE_STANDARD = gnu11;
				GCC_DYNAMIC_NO_PIC = NO;
				GCC_NO_COMMON_BLOCKS = YES;
				GCC_OPTIMIZATION_LEVEL = 0;
				GCC_PREPROCESSOR_DEFINITIONS = (
					"DEBUG=1",
					"$(inherited)",
				);
				GCC_WARN_64_TO_32_BIT_CONVERSION = YES;
				GCC_WARN_ABOUT_RETURN_TYPE = YES_ERROR;
				GCC_WARN_UNDECLARED_SELECTOR = YES;
				GCC_WARN_UNINITIALIZED_AUTOS = YES_AGGRESSIVE;
				GCC_WARN_UNUSED_FUNCTION = YES;
				GCC_WARN_UNUSED_VARIABLE = YES;
				IPHONEOS_DEPLOYMENT_TARGET = 15.0;
				MTL_ENABLE_DEBUG_INFO = INCLUDE_SOURCE;
				MTL_FAST_MATH = YES;
				ONLY_ACTIVE_ARCH = YES;
				SDKROOT = iphoneos;
				SWIFT_ACTIVE_COMPILATION_CONDITIONS = DEBUG;
				SWIFT_OPTIMIZATION_LEVEL = "-Onone";
				SWIFT_STRICT_CONCURRENCY = complete;
			};
			name = Debug;
		};
		1E3A571025C6FCE900DBB3F4 /* Release */ = {
			isa = XCBuildConfiguration;
			baseConfigurationReferenceAnchor = 3333F86F2F13F2DC004B13CA /* Siksha */;
			baseConfigurationReferenceRelativePath = "Supporting Files/bundle.xcconfig";
			buildSettings = {
				ALWAYS_SEARCH_USER_PATHS = NO;
				CLANG_ANALYZER_LOCALIZABILITY_NONLOCALIZED = YES;
				CLANG_ANALYZER_NONNULL = YES;
				CLANG_ANALYZER_NUMBER_OBJECT_CONVERSION = YES_AGGRESSIVE;
				CLANG_CXX_LANGUAGE_STANDARD = "gnu++14";
				CLANG_CXX_LIBRARY = "libc++";
				CLANG_ENABLE_MODULES = YES;
				CLANG_ENABLE_OBJC_ARC = YES;
				CLANG_ENABLE_OBJC_WEAK = YES;
				CLANG_WARN_BLOCK_CAPTURE_AUTORELEASING = YES;
				CLANG_WARN_BOOL_CONVERSION = YES;
				CLANG_WARN_COMMA = YES;
				CLANG_WARN_CONSTANT_CONVERSION = YES;
				CLANG_WARN_DEPRECATED_OBJC_IMPLEMENTATIONS = YES;
				CLANG_WARN_DIRECT_OBJC_ISA_USAGE = YES_ERROR;
				CLANG_WARN_DOCUMENTATION_COMMENTS = YES;
				CLANG_WARN_EMPTY_BODY = YES;
				CLANG_WARN_ENUM_CONVERSION = YES;
				CLANG_WARN_INFINITE_RECURSION = YES;
				CLANG_WARN_INT_CONVERSION = YES;
				CLANG_WARN_NON_LITERAL_NULL_CONVERSION = YES;
				CLANG_WARN_OBJC_IMPLICIT_RETAIN_SELF = YES;
				CLANG_WARN_OBJC_LITERAL_CONVERSION = YES;
				CLANG_WARN_OBJC_ROOT_CLASS = YES_ERROR;
				CLANG_WARN_QUOTED_INCLUDE_IN_FRAMEWORK_HEADER = YES;
				CLANG_WARN_RANGE_LOOP_ANALYSIS = YES;
				CLANG_WARN_STRICT_PROTOTYPES = YES;
				CLANG_WARN_SUSPICIOUS_MOVE = YES;
				CLANG_WARN_UNGUARDED_AVAILABILITY = YES_AGGRESSIVE;
				CLANG_WARN_UNREACHABLE_CODE = YES;
				CLANG_WARN__DUPLICATE_METHOD_MATCH = YES;
				COPY_PHASE_STRIP = NO;
				DEBUG_INFORMATION_FORMAT = "dwarf-with-dsym";
				DEVELOPMENT_TEAM = ZHQQM4M49J;
				ENABLE_NS_ASSERTIONS = NO;
				ENABLE_STRICT_OBJC_MSGSEND = YES;
				GCC_C_LANGUAGE_STANDARD = gnu11;
				GCC_NO_COMMON_BLOCKS = YES;
				GCC_WARN_64_TO_32_BIT_CONVERSION = YES;
				GCC_WARN_ABOUT_RETURN_TYPE = YES_ERROR;
				GCC_WARN_UNDECLARED_SELECTOR = YES;
				GCC_WARN_UNINITIALIZED_AUTOS = YES_AGGRESSIVE;
				GCC_WARN_UNUSED_FUNCTION = YES;
				GCC_WARN_UNUSED_VARIABLE = YES;
				IPHONEOS_DEPLOYMENT_TARGET = 15.0;
				MTL_ENABLE_DEBUG_INFO = NO;
				MTL_FAST_MATH = YES;
				ONLY_ACTIVE_ARCH = YES;
				SDKROOT = iphoneos;
				SWIFT_COMPILATION_MODE = wholemodule;
				SWIFT_OPTIMIZATION_LEVEL = "-O";
				SWIFT_STRICT_CONCURRENCY = complete;
				VALIDATE_PRODUCT = YES;
			};
			name = Release;
		};
		1E3A571225C6FCE900DBB3F4 /* Debug */ = {
			isa = XCBuildConfiguration;
			buildSettings = {
				ASSETCATALOG_COMPILER_ALTERNATE_APPICON_NAMES = "FestivalAppIcon AppIcon";
				ASSETCATALOG_COMPILER_APPICON_NAME = AppIcon;
				ASSETCATALOG_COMPILER_GLOBAL_ACCENT_COLOR_NAME = AccentColor;
				ASSETCATALOG_COMPILER_INCLUDE_ALL_APPICON_ASSETS = YES;
				BUNDLE_NAME = "식샤-Debug";
				CODE_SIGN_ENTITLEMENTS = Siksha/Siksha.entitlements;
				CODE_SIGN_IDENTITY = "Apple Development";
				"CODE_SIGN_IDENTITY[sdk=iphoneos*]" = "iPhone Developer";
				CODE_SIGN_STYLE = Manual;
				CURRENT_PROJECT_VERSION = 1;
				DEBUG_INFORMATION_FORMAT = "dwarf-with-dsym";
				DEVELOPMENT_TEAM = "";
				"DEVELOPMENT_TEAM[sdk=iphoneos*]" = K9883YB4VR;
				ENABLE_PREVIEWS = YES;
				INFOPLIST_FILE = Siksha/Info.plist;
				IPHONEOS_DEPLOYMENT_TARGET = 16.4;
				LD_RUNPATH_SEARCH_PATHS = (
					"$(inherited)",
					"@executable_path/Frameworks",
				);
				MARKETING_VERSION = 3.5.0;
				OTHER_LDFLAGS = (
					"$(inherited)",
					"-ObjC",
				);
				PRODUCT_BUNDLE_IDENTIFIER = com.wafflestudio.siksha.dev;
				PRODUCT_NAME = "$(TARGET_NAME)";
				PROVISIONING_PROFILE_SPECIFIER = "";
				"PROVISIONING_PROFILE_SPECIFIER[sdk=iphoneos*]" = "match Development com.wafflestudio.siksha.dev";
				SUPPORTED_PLATFORMS = "iphoneos iphonesimulator";
				SUPPORTS_MACCATALYST = NO;
				SWIFT_VERSION = 5.0;
				TARGETED_DEVICE_FAMILY = 1;
			};
			name = Debug;
		};
		1E3A571325C6FCE900DBB3F4 /* Release */ = {
			isa = XCBuildConfiguration;
			buildSettings = {
				ASSETCATALOG_COMPILER_ALTERNATE_APPICON_NAMES = "FestivalAppIcon AppIcon";
				ASSETCATALOG_COMPILER_APPICON_NAME = AppIcon;
				ASSETCATALOG_COMPILER_GLOBAL_ACCENT_COLOR_NAME = AccentColor;
				ASSETCATALOG_COMPILER_INCLUDE_ALL_APPICON_ASSETS = YES;
				BUNDLE_NAME = "식샤";
				CODE_SIGN_ENTITLEMENTS = Siksha/Siksha.entitlements;
				CODE_SIGN_IDENTITY = "Apple Development";
				"CODE_SIGN_IDENTITY[sdk=iphoneos*]" = "iPhone Distribution";
				CODE_SIGN_STYLE = Manual;
				CURRENT_PROJECT_VERSION = 1;
				DEBUG_INFORMATION_FORMAT = "dwarf-with-dsym";
				DEVELOPMENT_TEAM = "";
				"DEVELOPMENT_TEAM[sdk=iphoneos*]" = K9883YB4VR;
				ENABLE_PREVIEWS = YES;
				INFOPLIST_FILE = Siksha/Info.plist;
				IPHONEOS_DEPLOYMENT_TARGET = 16.4;
				LD_RUNPATH_SEARCH_PATHS = (
					"$(inherited)",
					"@executable_path/Frameworks",
				);
				MARKETING_VERSION = 3.5.0;
				OTHER_LDFLAGS = (
					"$(inherited)",
					"-ObjC",
				);
				PRODUCT_NAME = "$(TARGET_NAME)";
				PROVISIONING_PROFILE_SPECIFIER = "";
				"PROVISIONING_PROFILE_SPECIFIER[sdk=iphoneos*]" = "match AppStore com.wafflestudio.siksha";
				SUPPORTED_PLATFORMS = "iphoneos iphonesimulator";
				SUPPORTS_MACCATALYST = NO;
				SWIFT_VERSION = 5.0;
				TARGETED_DEVICE_FAMILY = 1;
			};
			name = Release;
		};
		1E3A571525C6FCE900DBB3F4 /* Debug */ = {
			isa = XCBuildConfiguration;
			buildSettings = {
				BUNDLE_LOADER = "$(TEST_HOST)";
				CODE_SIGN_STYLE = Automatic;
				INFOPLIST_FILE = SikshaTests/Info.plist;
				IPHONEOS_DEPLOYMENT_TARGET = 16.4;
				LD_RUNPATH_SEARCH_PATHS = (
					"$(inherited)",
					"@executable_path/Frameworks",
					"@loader_path/Frameworks",
				);
				PRODUCT_BUNDLE_IDENTIFIER = com.wafflestudio.SikshaTests;
				PRODUCT_NAME = "$(TARGET_NAME)";
				SWIFT_VERSION = 5.0;
				TARGETED_DEVICE_FAMILY = "1,2";
				TEST_HOST = "$(BUILT_PRODUCTS_DIR)/Siksha.app/Siksha";
			};
			name = Debug;
		};
		1E3A571625C6FCE900DBB3F4 /* Release */ = {
			isa = XCBuildConfiguration;
			buildSettings = {
				BUNDLE_LOADER = "$(TEST_HOST)";
				CODE_SIGN_STYLE = Automatic;
				INFOPLIST_FILE = SikshaTests/Info.plist;
				IPHONEOS_DEPLOYMENT_TARGET = 16.4;
				LD_RUNPATH_SEARCH_PATHS = (
					"$(inherited)",
					"@executable_path/Frameworks",
					"@loader_path/Frameworks",
				);
				PRODUCT_BUNDLE_IDENTIFIER = com.wafflestudio.SikshaTests;
				PRODUCT_NAME = "$(TARGET_NAME)";
				SWIFT_VERSION = 5.0;
				TARGETED_DEVICE_FAMILY = "1,2";
				TEST_HOST = "$(BUILT_PRODUCTS_DIR)/Siksha.app/Siksha";
			};
			name = Release;
		};
		1E3A571825C6FCE900DBB3F4 /* Debug */ = {
			isa = XCBuildConfiguration;
			buildSettings = {
				CODE_SIGN_STYLE = Automatic;
				INFOPLIST_FILE = SikshaUITests/Info.plist;
				IPHONEOS_DEPLOYMENT_TARGET = 16.4;
				LD_RUNPATH_SEARCH_PATHS = (
					"$(inherited)",
					"@executable_path/Frameworks",
					"@loader_path/Frameworks",
				);
				PRODUCT_NAME = "$(TARGET_NAME)";
				SWIFT_VERSION = 5.0;
				TARGETED_DEVICE_FAMILY = "1,2";
				TEST_TARGET_NAME = Siksha;
			};
			name = Debug;
		};
		1E3A571925C6FCE900DBB3F4 /* Release */ = {
			isa = XCBuildConfiguration;
			buildSettings = {
				CODE_SIGN_STYLE = Automatic;
				INFOPLIST_FILE = SikshaUITests/Info.plist;
				IPHONEOS_DEPLOYMENT_TARGET = 16.4;
				LD_RUNPATH_SEARCH_PATHS = (
					"$(inherited)",
					"@executable_path/Frameworks",
					"@loader_path/Frameworks",
				);
				PRODUCT_NAME = "$(TARGET_NAME)";
				SWIFT_VERSION = 5.0;
				TARGETED_DEVICE_FAMILY = "1,2";
				TEST_TARGET_NAME = Siksha;
			};
			name = Release;
		};
/* End XCBuildConfiguration section */

/* Begin XCConfigurationList section */
		1E3A56E225C6FCE600DBB3F4 /* Build configuration list for PBXProject "Siksha" */ = {
			isa = XCConfigurationList;
			buildConfigurations = (
				1E3A570F25C6FCE900DBB3F4 /* Debug */,
				1E3A571025C6FCE900DBB3F4 /* Release */,
			);
			defaultConfigurationIsVisible = 0;
			defaultConfigurationName = Release;
		};
		1E3A571125C6FCE900DBB3F4 /* Build configuration list for PBXNativeTarget "Siksha" */ = {
			isa = XCConfigurationList;
			buildConfigurations = (
				1E3A571225C6FCE900DBB3F4 /* Debug */,
				1E3A571325C6FCE900DBB3F4 /* Release */,
			);
			defaultConfigurationIsVisible = 0;
			defaultConfigurationName = Release;
		};
		1E3A571425C6FCE900DBB3F4 /* Build configuration list for PBXNativeTarget "SikshaTests" */ = {
			isa = XCConfigurationList;
			buildConfigurations = (
				1E3A571525C6FCE900DBB3F4 /* Debug */,
				1E3A571625C6FCE900DBB3F4 /* Release */,
			);
			defaultConfigurationIsVisible = 0;
			defaultConfigurationName = Release;
		};
		1E3A571725C6FCE900DBB3F4 /* Build configuration list for PBXNativeTarget "SikshaUITests" */ = {
			isa = XCConfigurationList;
			buildConfigurations = (
				1E3A571825C6FCE900DBB3F4 /* Debug */,
				1E3A571925C6FCE900DBB3F4 /* Release */,
			);
			defaultConfigurationIsVisible = 0;
			defaultConfigurationName = Release;
		};
/* End XCConfigurationList section */

/* Begin XCRemoteSwiftPackageReference section */
		33C4561D2DDB6CA600BEFAB2 /* XCRemoteSwiftPackageReference "GoogleSignIn-iOS" */ = {
			isa = XCRemoteSwiftPackageReference;
			repositoryURL = "https://github.com/google/GoogleSignIn-iOS";
			requirement = {
				kind = upToNextMajorVersion;
				minimumVersion = 8.0.0;
			};
		};
		33EA41F42DDC6CEC00A9ADD0 /* XCRemoteSwiftPackageReference "Kingfisher" */ = {
			isa = XCRemoteSwiftPackageReference;
			repositoryURL = "https://github.com/onevcat/Kingfisher.git";
			requirement = {
				kind = upToNextMajorVersion;
				minimumVersion = 8.3.2;
			};
		};
		33EA41F72DDC6F1900A9ADD0 /* XCRemoteSwiftPackageReference "SwiftyJSON" */ = {
			isa = XCRemoteSwiftPackageReference;
			repositoryURL = "https://github.com/SwiftyJSON/SwiftyJSON";
			requirement = {
				kind = upToNextMajorVersion;
				minimumVersion = 5.0.2;
			};
		};
		33EA41FA2DDDAEC200A9ADD0 /* XCRemoteSwiftPackageReference "firebase-ios-sdk" */ = {
			isa = XCRemoteSwiftPackageReference;
			repositoryURL = "https://github.com/firebase/firebase-ios-sdk.git";
			requirement = {
				kind = upToNextMajorVersion;
				minimumVersion = 11.13.0;
			};
		};
		33EA42012DDEFEC800A9ADD0 /* XCRemoteSwiftPackageReference "realm-swift" */ = {
			isa = XCRemoteSwiftPackageReference;
			repositoryURL = "https://github.com/realm/realm-swift";
			requirement = {
				kind = upToNextMajorVersion;
				minimumVersion = 20.0.5;
			};
		};
		33EA42072DDF0DF100A9ADD0 /* XCRemoteSwiftPackageReference "JTAppleCalendar" */ = {
			isa = XCRemoteSwiftPackageReference;
			repositoryURL = "https://github.com/patchthecode/JTAppleCalendar";
			requirement = {
				kind = upToNextMajorVersion;
				minimumVersion = 8.0.5;
			};
		};
		33EA420C2DDF130E00A9ADD0 /* XCRemoteSwiftPackageReference "BSImagePicker" */ = {
			isa = XCRemoteSwiftPackageReference;
			repositoryURL = "https://github.com/mikaoj/BSImagePicker";
			requirement = {
				kind = upToNextMajorVersion;
				minimumVersion = 3.3.3;
			};
		};
		33EA420F2DDF158600A9ADD0 /* XCRemoteSwiftPackageReference "SPM-NMapsMap" */ = {
			isa = XCRemoteSwiftPackageReference;
			repositoryURL = "https://github.com/navermaps/SPM-NMapsMap";
			requirement = {
				kind = upToNextMajorVersion;
				minimumVersion = 3.21.0;
			};
		};
		741BE3322CE3514D00A09881 /* XCRemoteSwiftPackageReference "kakao-ios-sdk" */ = {
			isa = XCRemoteSwiftPackageReference;
			repositoryURL = "https://github.com/kakao/kakao-ios-sdk";
			requirement = {
				branch = master;
				kind = branch;
			};
		};
		A62E8CB02E0D91A300052DAE /* XCRemoteSwiftPackageReference "mixpanel-swift" */ = {
			isa = XCRemoteSwiftPackageReference;
			repositoryURL = "https://github.com/mixpanel/mixpanel-swift";
			requirement = {
				branch = master;
				kind = branch;
			};
		};
/* End XCRemoteSwiftPackageReference section */

/* Begin XCSwiftPackageProductDependency section */
		33C4561E2DDB6CA600BEFAB2 /* GoogleSignIn */ = {
			isa = XCSwiftPackageProductDependency;
			package = 33C4561D2DDB6CA600BEFAB2 /* XCRemoteSwiftPackageReference "GoogleSignIn-iOS" */;
			productName = GoogleSignIn;
		};
		33C456202DDB6CA600BEFAB2 /* GoogleSignInSwift */ = {
			isa = XCSwiftPackageProductDependency;
			package = 33C4561D2DDB6CA600BEFAB2 /* XCRemoteSwiftPackageReference "GoogleSignIn-iOS" */;
			productName = GoogleSignInSwift;
		};
		33EA41F52DDC6CEC00A9ADD0 /* Kingfisher */ = {
			isa = XCSwiftPackageProductDependency;
			package = 33EA41F42DDC6CEC00A9ADD0 /* XCRemoteSwiftPackageReference "Kingfisher" */;
			productName = Kingfisher;
		};
		33EA41F82DDC6F1900A9ADD0 /* SwiftyJSON */ = {
			isa = XCSwiftPackageProductDependency;
			package = 33EA41F72DDC6F1900A9ADD0 /* XCRemoteSwiftPackageReference "SwiftyJSON" */;
			productName = SwiftyJSON;
		};
		33EA41FB2DDDAEC200A9ADD0 /* FirebaseAnalyticsWithoutAdIdSupport */ = {
			isa = XCSwiftPackageProductDependency;
			package = 33EA41FA2DDDAEC200A9ADD0 /* XCRemoteSwiftPackageReference "firebase-ios-sdk" */;
			productName = FirebaseAnalyticsWithoutAdIdSupport;
		};
		33EA41FD2DDDAEC200A9ADD0 /* FirebaseCrashlytics */ = {
			isa = XCSwiftPackageProductDependency;
			package = 33EA41FA2DDDAEC200A9ADD0 /* XCRemoteSwiftPackageReference "firebase-ios-sdk" */;
			productName = FirebaseCrashlytics;
		};
		33EA41FF2DDDAEC200A9ADD0 /* FirebaseRemoteConfig */ = {
			isa = XCSwiftPackageProductDependency;
			package = 33EA41FA2DDDAEC200A9ADD0 /* XCRemoteSwiftPackageReference "firebase-ios-sdk" */;
			productName = FirebaseRemoteConfig;
		};
		33EA42022DDEFEC800A9ADD0 /* RealmSwift */ = {
			isa = XCSwiftPackageProductDependency;
			package = 33EA42012DDEFEC800A9ADD0 /* XCRemoteSwiftPackageReference "realm-swift" */;
			productName = RealmSwift;
		};
		33EA42082DDF0DF100A9ADD0 /* JTAppleCalendar */ = {
			isa = XCSwiftPackageProductDependency;
			package = 33EA42072DDF0DF100A9ADD0 /* XCRemoteSwiftPackageReference "JTAppleCalendar" */;
			productName = JTAppleCalendar;
		};
		33EA420A2DDF0E9C00A9ADD0 /* JTAppleCalendar */ = {
			isa = XCSwiftPackageProductDependency;
			package = 33EA42072DDF0DF100A9ADD0 /* XCRemoteSwiftPackageReference "JTAppleCalendar" */;
			productName = JTAppleCalendar;
		};
		33EA420D2DDF130E00A9ADD0 /* BSImagePicker */ = {
			isa = XCSwiftPackageProductDependency;
			package = 33EA420C2DDF130E00A9ADD0 /* XCRemoteSwiftPackageReference "BSImagePicker" */;
			productName = BSImagePicker;
		};
		33EA42102DDF158600A9ADD0 /* NMapsMap */ = {
			isa = XCSwiftPackageProductDependency;
			package = 33EA420F2DDF158600A9ADD0 /* XCRemoteSwiftPackageReference "SPM-NMapsMap" */;
			productName = NMapsMap;
		};
		4E7A71BE2EB352CE00C910CE /* FirebaseMessaging */ = {
			isa = XCSwiftPackageProductDependency;
			package = 33EA41FA2DDDAEC200A9ADD0 /* XCRemoteSwiftPackageReference "firebase-ios-sdk" */;
			productName = FirebaseMessaging;
		};
		741BE3332CE3514D00A09881 /* KakaoSDK */ = {
			isa = XCSwiftPackageProductDependency;
			package = 741BE3322CE3514D00A09881 /* XCRemoteSwiftPackageReference "kakao-ios-sdk" */;
			productName = KakaoSDK;
		};
		741BE3352CE3514D00A09881 /* KakaoSDKAuth */ = {
			isa = XCSwiftPackageProductDependency;
			package = 741BE3322CE3514D00A09881 /* XCRemoteSwiftPackageReference "kakao-ios-sdk" */;
			productName = KakaoSDKAuth;
		};
		741BE3372CE3514D00A09881 /* KakaoSDKShare */ = {
			isa = XCSwiftPackageProductDependency;
			package = 741BE3322CE3514D00A09881 /* XCRemoteSwiftPackageReference "kakao-ios-sdk" */;
			productName = KakaoSDKShare;
		};
		741BE3392CE3514D00A09881 /* KakaoSDKTemplate */ = {
			isa = XCSwiftPackageProductDependency;
			package = 741BE3322CE3514D00A09881 /* XCRemoteSwiftPackageReference "kakao-ios-sdk" */;
			productName = KakaoSDKTemplate;
		};
		741BE33B2CE3514D00A09881 /* KakaoSDKUser */ = {
			isa = XCSwiftPackageProductDependency;
			package = 741BE3322CE3514D00A09881 /* XCRemoteSwiftPackageReference "kakao-ios-sdk" */;
			productName = KakaoSDKUser;
		};
		A62E8CB12E0D91A300052DAE /* Mixpanel */ = {
			isa = XCSwiftPackageProductDependency;
			package = A62E8CB02E0D91A300052DAE /* XCRemoteSwiftPackageReference "mixpanel-swift" */;
			productName = Mixpanel;
		};
/* End XCSwiftPackageProductDependency section */
	};
	rootObject = 1E3A56DF25C6FCE600DBB3F4 /* Project object */;
}
