// !$*UTF8*$!
{
	archiveVersion = 1;
	classes = {
	};
	objectVersion = 51;
	objects = {

/* Begin PBXBuildFile section */
		1E3A56EB25C6FCE600DBB3F4 /* AppDelegate.swift in Sources */ = {isa = PBXBuildFile; fileRef = 1E3A56EA25C6FCE600DBB3F4 /* AppDelegate.swift */; };
		1E3A56ED25C6FCE600DBB3F4 /* SceneDelegate.swift in Sources */ = {isa = PBXBuildFile; fileRef = 1E3A56EC25C6FCE600DBB3F4 /* SceneDelegate.swift */; };
		1E3A56EF25C6FCE600DBB3F4 /* ContentView.swift in Sources */ = {isa = PBXBuildFile; fileRef = 1E3A56EE25C6FCE600DBB3F4 /* ContentView.swift */; };
		1E3A56F725C6FCE800DBB3F4 /* LaunchScreen.storyboard in Resources */ = {isa = PBXBuildFile; fileRef = 1E3A56F525C6FCE800DBB3F4 /* LaunchScreen.storyboard */; };
		1E3A570225C6FCE900DBB3F4 /* SikshaTests.swift in Sources */ = {isa = PBXBuildFile; fileRef = 1E3A570125C6FCE900DBB3F4 /* SikshaTests.swift */; };
		1E3A570D25C6FCE900DBB3F4 /* SikshaUITests.swift in Sources */ = {isa = PBXBuildFile; fileRef = 1E3A570C25C6FCE900DBB3F4 /* SikshaUITests.swift */; };
		1E3A572425C6FDA300DBB3F4 /* MenuView.swift in Sources */ = {isa = PBXBuildFile; fileRef = 1E3A572325C6FDA300DBB3F4 /* MenuView.swift */; };
		1E3A573125C6FE0900DBB3F4 /* SettingsView.swift in Sources */ = {isa = PBXBuildFile; fileRef = 1E3A573025C6FE0900DBB3F4 /* SettingsView.swift */; };
		1E3A573A25C6FE2700DBB3F4 /* Extensions.swift in Sources */ = {isa = PBXBuildFile; fileRef = 1E3A573925C6FE2700DBB3F4 /* Extensions.swift */; };
		1E3A574E25C6FF0500DBB3F4 /* Restaurant.swift in Sources */ = {isa = PBXBuildFile; fileRef = 1E3A574D25C6FF0500DBB3F4 /* Restaurant.swift */; };
		1E3A575325C6FF1400DBB3F4 /* Review.swift in Sources */ = {isa = PBXBuildFile; fileRef = 1E3A575225C6FF1400DBB3F4 /* Review.swift */; };
		1E3A575825C6FF2900DBB3F4 /* MenuViewModel.swift in Sources */ = {isa = PBXBuildFile; fileRef = 1E3A575725C6FF2900DBB3F4 /* MenuViewModel.swift */; };
		1E3A576225C6FF8100DBB3F4 /* SettingsViewModel.swift in Sources */ = {isa = PBXBuildFile; fileRef = 1E3A576125C6FF8100DBB3F4 /* SettingsViewModel.swift */; };
		1E3A57CA25C71F2000DBB3F4 /* NanumSquareOTFBold.otf in Resources */ = {isa = PBXBuildFile; fileRef = 1E3A578125C7014600DBB3F4 /* NanumSquareOTFBold.otf */; };
		1E3A57CE25C71F2200DBB3F4 /* NanumSquareOTFExtraBold.otf in Resources */ = {isa = PBXBuildFile; fileRef = 1E3A578225C7014600DBB3F4 /* NanumSquareOTFExtraBold.otf */; };
		1E3A57CF25C71F2400DBB3F4 /* NanumSquareOTFLight.otf in Resources */ = {isa = PBXBuildFile; fileRef = 1E3A578325C7014600DBB3F4 /* NanumSquareOTFLight.otf */; };
		1E3A57D325C71F2600DBB3F4 /* NanumSquareOTFRegular.otf in Resources */ = {isa = PBXBuildFile; fileRef = 1E3A578025C7014600DBB3F4 /* NanumSquareOTFRegular.otf */; };
		1E3A57D825C724B200DBB3F4 /* PageView.swift in Sources */ = {isa = PBXBuildFile; fileRef = 1E3A57D725C724B200DBB3F4 /* PageView.swift */; };
		1E3A57F025C73EC700DBB3F4 /* Meal.swift in Sources */ = {isa = PBXBuildFile; fileRef = 1E3A57EF25C73EC700DBB3F4 /* Meal.swift */; };
		1E3A57FB25C73FDD00DBB3F4 /* DailyMenu.swift in Sources */ = {isa = PBXBuildFile; fileRef = 1E3A57FA25C73FDD00DBB3F4 /* DailyMenu.swift */; };
		1E3A581B25C98F9A00DBB3F4 /* AppState.swift in Sources */ = {isa = PBXBuildFile; fileRef = 1E3A581A25C98F9A00DBB3F4 /* AppState.swift */; };
		1E3A582025C9C28000DBB3F4 /* Enums.swift in Sources */ = {isa = PBXBuildFile; fileRef = 1E3A581F25C9C28000DBB3F4 /* Enums.swift */; };
		1E3A582A25C9C6E300DBB3F4 /* RestaurantsView.swift in Sources */ = {isa = PBXBuildFile; fileRef = 1E3A582925C9C6E300DBB3F4 /* RestaurantsView.swift */; };
		1E3A583725CACC9A00DBB3F4 /* RestaurantCell.swift in Sources */ = {isa = PBXBuildFile; fileRef = 1E3A583625CACC9A00DBB3F4 /* RestaurantCell.swift */; };
		1E72267B25F916A6008C272E /* Responses.swift in Sources */ = {isa = PBXBuildFile; fileRef = 1E72267A25F916A6008C272E /* Responses.swift */; };
		1E7226F825FBDE72008C272E /* MealCell.swift in Sources */ = {isa = PBXBuildFile; fileRef = 1E7226F725FBDE72008C272E /* MealCell.swift */; };
		1E96F92F25DEC14F0074940C /* MenuRepository.swift in Sources */ = {isa = PBXBuildFile; fileRef = 1E96F92E25DEC14F0074940C /* MenuRepository.swift */; };
		1E96F94325E132250074940C /* ActivityIndicator.swift in Sources */ = {isa = PBXBuildFile; fileRef = 1E96F94225E132250074940C /* ActivityIndicator.swift */; };
		1E96F95125E2525B0074940C /* LoginView.swift in Sources */ = {isa = PBXBuildFile; fileRef = 1E96F95025E2525B0074940C /* LoginView.swift */; };
		1E9859A926629229003A483A /* VOCView.swift in Sources */ = {isa = PBXBuildFile; fileRef = 1E9859A826629229003A483A /* VOCView.swift */; };
		1E9A6EAA2674BDFD005CAEA1 /* NavigationBarModifier.swift in Sources */ = {isa = PBXBuildFile; fileRef = 1E9A6EA92674BDFD005CAEA1 /* NavigationBarModifier.swift */; };
		1EABA80B25EBE28000B79CB8 /* Utils.swift in Sources */ = {isa = PBXBuildFile; fileRef = 1EABA80A25EBE28000B79CB8 /* Utils.swift */; };
		1EB5F43C263E8EDE0012201A /* OperatingHoursTable.swift in Sources */ = {isa = PBXBuildFile; fileRef = 1EB5F43B263E8EDE0012201A /* OperatingHoursTable.swift */; };
		1EB5F43F264467B80012201A /* SikshaAPI.swift in Sources */ = {isa = PBXBuildFile; fileRef = 1EB5F43E264467B80012201A /* SikshaAPI.swift */; };
		1EB5F4412644710A0012201A /* Networking.swift in Sources */ = {isa = PBXBuildFile; fileRef = 1EB5F4402644710A0012201A /* Networking.swift */; };
		1ECB248125F14C0F00875E18 /* LoginViewModel.swift in Sources */ = {isa = PBXBuildFile; fileRef = 1ECB248025F14C0F00875E18 /* LoginViewModel.swift */; };
		1ECB251D25F1739D00875E18 /* Config.swift in Sources */ = {isa = PBXBuildFile; fileRef = 1ECB251C25F1739D00875E18 /* Config.swift */; };
		1ECB254D25F2975A00875E18 /* MealInfoView.swift in Sources */ = {isa = PBXBuildFile; fileRef = 1ECB254C25F2975A00875E18 /* MealInfoView.swift */; };
		1ECB255225F2999100875E18 /* RatingStar.swift in Sources */ = {isa = PBXBuildFile; fileRef = 1ECB255125F2999100875E18 /* RatingStar.swift */; };
		1ECB255D25F2B3EA00875E18 /* ReviewCell.swift in Sources */ = {isa = PBXBuildFile; fileRef = 1ECB255C25F2B3EA00875E18 /* ReviewCell.swift */; };
		1ECB257D25F5412300875E18 /* TextView.swift in Sources */ = {isa = PBXBuildFile; fileRef = 1ECB257C25F5412200875E18 /* TextView.swift */; };
		1ECB258225F5572F00875E18 /* MealReviewViewModel.swift in Sources */ = {isa = PBXBuildFile; fileRef = 1ECB258125F5572F00875E18 /* MealReviewViewModel.swift */; };
		1ED44A3725CC6094001D916B /* MealReviewView.swift in Sources */ = {isa = PBXBuildFile; fileRef = 1ED44A3625CC6094001D916B /* MealReviewView.swift */; };
		1ED44A4125CC6135001D916B /* BottomModalView.swift in Sources */ = {isa = PBXBuildFile; fileRef = 1ED44A4025CC6135001D916B /* BottomModalView.swift */; };
		1ED44A4625CC6579001D916B /* MealInfoViewModel.swift in Sources */ = {isa = PBXBuildFile; fileRef = 1ED44A4525CC6579001D916B /* MealInfoViewModel.swift */; };
		1ED44A6325CDB709001D916B /* FavoriteView.swift in Sources */ = {isa = PBXBuildFile; fileRef = 1ED44A6225CDB709001D916B /* FavoriteView.swift */; };
		1ED44A6B25CDB77A001D916B /* FavoriteViewModel.swift in Sources */ = {isa = PBXBuildFile; fileRef = 1ED44A6A25CDB77A001D916B /* FavoriteViewModel.swift */; };
		2300D48C25FBD07F0037765D /* config.plist in Resources */ = {isa = PBXBuildFile; fileRef = 2300D48B25FBD07F0037765D /* config.plist */; };
		2303CF1E265A5E27002328F5 /* ImagePickerCoordinatorView.swift in Sources */ = {isa = PBXBuildFile; fileRef = 2303CF1D265A5E27002328F5 /* ImagePickerCoordinatorView.swift */; };
		231C9C3E25F7FA7C0072C07A /* GoogleService-Info-dev.plist in Resources */ = {isa = PBXBuildFile; fileRef = 231C9C3D25F7FA7C0072C07A /* GoogleService-Info-dev.plist */; };
		231C9C4325F7FA800072C07A /* GoogleService-Info.plist in Resources */ = {isa = PBXBuildFile; fileRef = 231C9C4225F7FA800072C07A /* GoogleService-Info.plist */; };
		231C9C6825F7FAFB0072C07A /* InformationView.swift in Sources */ = {isa = PBXBuildFile; fileRef = 231C9C6725F7FAFB0072C07A /* InformationView.swift */; };
		231C9C7025F7FB720072C07A /* RestaurantOrderView.swift in Sources */ = {isa = PBXBuildFile; fileRef = 231C9C6F25F7FB720072C07A /* RestaurantOrderView.swift */; };
		231C9C7825F7FB9E0072C07A /* FavoriteRestaurantOrderView.swift in Sources */ = {isa = PBXBuildFile; fileRef = 231C9C7725F7FB9E0072C07A /* FavoriteRestaurantOrderView.swift */; };
		231C9C9025F82D660072C07A /* RestaurantOrderRow.swift in Sources */ = {isa = PBXBuildFile; fileRef = 231C9C8F25F82D660072C07A /* RestaurantOrderRow.swift */; };
		231C9CB625F834D40072C07A /* Assets.xcassets in Resources */ = {isa = PBXBuildFile; fileRef = 1E3A56F025C6FCE800DBB3F4 /* Assets.xcassets */; };
		231C9CCA25F8350F0072C07A /* Preview Assets.xcassets in Resources */ = {isa = PBXBuildFile; fileRef = 1E3A56F325C6FCE800DBB3F4 /* Preview Assets.xcassets */; };
		231C9CE525F835B40072C07A /* BackButton.swift in Sources */ = {isa = PBXBuildFile; fileRef = 231C9CE425F835B40072C07A /* BackButton.swift */; };
		231C9CF825F83A850072C07A /* RestaurantInformationView.swift in Sources */ = {isa = PBXBuildFile; fileRef = 231C9CF725F83A850072C07A /* RestaurantInformationView.swift */; };
		231C9D1425F8568C0072C07A /* MapView.swift in Sources */ = {isa = PBXBuildFile; fileRef = 231C9D1325F8568C0072C07A /* MapView.swift */; };
		231C9D2125FB5E490072C07A /* SegmentedControlView.swift in Sources */ = {isa = PBXBuildFile; fileRef = 231C9D2025FB5E490072C07A /* SegmentedControlView.swift */; };
		231DEB3B266BC5C900AA32C0 /* ReviewListViewModel.swift in Sources */ = {isa = PBXBuildFile; fileRef = 231DEB3A266BC5C900AA32C0 /* ReviewListViewModel.swift */; };
		23258E9C26496D9D00146BC5 /* HorizontalGraph.swift in Sources */ = {isa = PBXBuildFile; fileRef = 23258E9B26496D9D00146BC5 /* HorizontalGraph.swift */; };
		234DB0D9264156150049FE6B /* CalendarView.swift in Sources */ = {isa = PBXBuildFile; fileRef = 234DB0D8264156150049FE6B /* CalendarView.swift */; };
		2360CD8E266353F1007E02DB /* Localizable.strings in Resources */ = {isa = PBXBuildFile; fileRef = 2360CD90266353F1007E02DB /* Localizable.strings */; };
		2360CD9A2663778B007E02DB /* ReviewListView.swift in Sources */ = {isa = PBXBuildFile; fileRef = 2360CD992663778B007E02DB /* ReviewListView.swift */; };
		23DFD2042664110B0049F8D7 /* RemoteImage.swift in Sources */ = {isa = PBXBuildFile; fileRef = 23DFD2032664110B0049F8D7 /* RemoteImage.swift */; };
		23DFD20F2664C2720049F8D7 /* DetailImageView.swift in Sources */ = {isa = PBXBuildFile; fileRef = 23DFD20E2664C2720049F8D7 /* DetailImageView.swift */; };
		23DFD2172664CD400049F8D7 /* ThumbnailImage.swift in Sources */ = {isa = PBXBuildFile; fileRef = 23DFD2162664CD400049F8D7 /* ThumbnailImage.swift */; };
		4E3D4EE72A74E02A005C7AB2 /* BoardNameCell.swift in Sources */ = {isa = PBXBuildFile; fileRef = 4E3D4EE62A74E02A005C7AB2 /* BoardNameCell.swift */; };
		4E3D4EE92A74E82B005C7AB2 /* BoardSelect.swift in Sources */ = {isa = PBXBuildFile; fileRef = 4E3D4EE82A74E82B005C7AB2 /* BoardSelect.swift */; };
		4E3D4EEB2A74F743005C7AB2 /* TopPostCell.swift in Sources */ = {isa = PBXBuildFile; fileRef = 4E3D4EEA2A74F743005C7AB2 /* TopPostCell.swift */; };
		4E3D4EEF2A750078005C7AB2 /* TopPosts.swift in Sources */ = {isa = PBXBuildFile; fileRef = 4E3D4EEE2A750078005C7AB2 /* TopPosts.swift */; };
		4ED0B8DA29F8AB24005A1683 /* config.plist in Resources */ = {isa = PBXBuildFile; fileRef = 4ED0B8D929F8AB24005A1683 /* config.plist */; };
		4ED0B8DC29F8AB2D005A1683 /* GoogleService-Info-dev.plist in Resources */ = {isa = PBXBuildFile; fileRef = 4ED0B8DB29F8AB2D005A1683 /* GoogleService-Info-dev.plist */; };
		4ED0B8DE29F8AB35005A1683 /* GoogleService-Info.plist in Resources */ = {isa = PBXBuildFile; fileRef = 4ED0B8DD29F8AB35005A1683 /* GoogleService-Info.plist */; };
		4EE14E192A4810A9007B9312 /* RestaurantOrderViewModel.swift in Sources */ = {isa = PBXBuildFile; fileRef = 4EE14E182A4810A9007B9312 /* RestaurantOrderViewModel.swift */; };
		B5440F76BAF2C8A592A38A11 /* Pods_Siksha.framework in Frameworks */ = {isa = PBXBuildFile; fileRef = 8F5E60392BFBF8D258B20F4B /* Pods_Siksha.framework */; };
		BFA4759F2950B54500B41AA7 /* UINavigationBar+ext.swift in Sources */ = {isa = PBXBuildFile; fileRef = BFA4759E2950B54400B41AA7 /* UINavigationBar+ext.swift */; };
/* End PBXBuildFile section */

/* Begin PBXContainerItemProxy section */
		1E3A56FE25C6FCE900DBB3F4 /* PBXContainerItemProxy */ = {
			isa = PBXContainerItemProxy;
			containerPortal = 1E3A56DF25C6FCE600DBB3F4 /* Project object */;
			proxyType = 1;
			remoteGlobalIDString = 1E3A56E625C6FCE600DBB3F4;
			remoteInfo = Siksha;
		};
		1E3A570925C6FCE900DBB3F4 /* PBXContainerItemProxy */ = {
			isa = PBXContainerItemProxy;
			containerPortal = 1E3A56DF25C6FCE600DBB3F4 /* Project object */;
			proxyType = 1;
			remoteGlobalIDString = 1E3A56E625C6FCE600DBB3F4;
			remoteInfo = Siksha;
		};
/* End PBXContainerItemProxy section */

/* Begin PBXFileReference section */
		002C8A13CB8259A4B22C9CA9 /* Pods-Siksha.debug.xcconfig */ = {isa = PBXFileReference; includeInIndex = 1; lastKnownFileType = text.xcconfig; name = "Pods-Siksha.debug.xcconfig"; path = "Target Support Files/Pods-Siksha/Pods-Siksha.debug.xcconfig"; sourceTree = "<group>"; };
		1E3A56E725C6FCE600DBB3F4 /* Siksha.app */ = {isa = PBXFileReference; explicitFileType = wrapper.application; includeInIndex = 0; path = Siksha.app; sourceTree = BUILT_PRODUCTS_DIR; };
		1E3A56EA25C6FCE600DBB3F4 /* AppDelegate.swift */ = {isa = PBXFileReference; lastKnownFileType = sourcecode.swift; path = AppDelegate.swift; sourceTree = "<group>"; };
		1E3A56EC25C6FCE600DBB3F4 /* SceneDelegate.swift */ = {isa = PBXFileReference; lastKnownFileType = sourcecode.swift; path = SceneDelegate.swift; sourceTree = "<group>"; };
		1E3A56EE25C6FCE600DBB3F4 /* ContentView.swift */ = {isa = PBXFileReference; lastKnownFileType = sourcecode.swift; path = ContentView.swift; sourceTree = "<group>"; };
		1E3A56F025C6FCE800DBB3F4 /* Assets.xcassets */ = {isa = PBXFileReference; lastKnownFileType = folder.assetcatalog; path = Assets.xcassets; sourceTree = "<group>"; };
		1E3A56F325C6FCE800DBB3F4 /* Preview Assets.xcassets */ = {isa = PBXFileReference; lastKnownFileType = folder.assetcatalog; path = "Preview Assets.xcassets"; sourceTree = "<group>"; };
		1E3A56F625C6FCE800DBB3F4 /* Base */ = {isa = PBXFileReference; lastKnownFileType = file.storyboard; name = Base; path = Base.lproj/LaunchScreen.storyboard; sourceTree = "<group>"; };
		1E3A56F825C6FCE800DBB3F4 /* Info.plist */ = {isa = PBXFileReference; lastKnownFileType = text.plist.xml; path = Info.plist; sourceTree = "<group>"; };
		1E3A56FD25C6FCE900DBB3F4 /* SikshaTests.xctest */ = {isa = PBXFileReference; explicitFileType = wrapper.cfbundle; includeInIndex = 0; path = SikshaTests.xctest; sourceTree = BUILT_PRODUCTS_DIR; };
		1E3A570125C6FCE900DBB3F4 /* SikshaTests.swift */ = {isa = PBXFileReference; lastKnownFileType = sourcecode.swift; path = SikshaTests.swift; sourceTree = "<group>"; };
		1E3A570325C6FCE900DBB3F4 /* Info.plist */ = {isa = PBXFileReference; lastKnownFileType = text.plist.xml; path = Info.plist; sourceTree = "<group>"; };
		1E3A570825C6FCE900DBB3F4 /* SikshaUITests.xctest */ = {isa = PBXFileReference; explicitFileType = wrapper.cfbundle; includeInIndex = 0; path = SikshaUITests.xctest; sourceTree = BUILT_PRODUCTS_DIR; };
		1E3A570C25C6FCE900DBB3F4 /* SikshaUITests.swift */ = {isa = PBXFileReference; lastKnownFileType = sourcecode.swift; path = SikshaUITests.swift; sourceTree = "<group>"; };
		1E3A570E25C6FCE900DBB3F4 /* Info.plist */ = {isa = PBXFileReference; lastKnownFileType = text.plist.xml; path = Info.plist; sourceTree = "<group>"; };
		1E3A572325C6FDA300DBB3F4 /* MenuView.swift */ = {isa = PBXFileReference; lastKnownFileType = sourcecode.swift; path = MenuView.swift; sourceTree = "<group>"; };
		1E3A573025C6FE0900DBB3F4 /* SettingsView.swift */ = {isa = PBXFileReference; lastKnownFileType = sourcecode.swift; path = SettingsView.swift; sourceTree = "<group>"; };
		1E3A573925C6FE2700DBB3F4 /* Extensions.swift */ = {isa = PBXFileReference; lastKnownFileType = sourcecode.swift; path = Extensions.swift; sourceTree = "<group>"; };
		1E3A574D25C6FF0500DBB3F4 /* Restaurant.swift */ = {isa = PBXFileReference; lastKnownFileType = sourcecode.swift; path = Restaurant.swift; sourceTree = "<group>"; };
		1E3A575225C6FF1400DBB3F4 /* Review.swift */ = {isa = PBXFileReference; lastKnownFileType = sourcecode.swift; path = Review.swift; sourceTree = "<group>"; };
		1E3A575725C6FF2900DBB3F4 /* MenuViewModel.swift */ = {isa = PBXFileReference; lastKnownFileType = sourcecode.swift; path = MenuViewModel.swift; sourceTree = "<group>"; };
		1E3A576125C6FF8100DBB3F4 /* SettingsViewModel.swift */ = {isa = PBXFileReference; lastKnownFileType = sourcecode.swift; path = SettingsViewModel.swift; sourceTree = "<group>"; };
		1E3A578025C7014600DBB3F4 /* NanumSquareOTFRegular.otf */ = {isa = PBXFileReference; lastKnownFileType = file; path = NanumSquareOTFRegular.otf; sourceTree = "<group>"; };
		1E3A578125C7014600DBB3F4 /* NanumSquareOTFBold.otf */ = {isa = PBXFileReference; lastKnownFileType = file; path = NanumSquareOTFBold.otf; sourceTree = "<group>"; };
		1E3A578225C7014600DBB3F4 /* NanumSquareOTFExtraBold.otf */ = {isa = PBXFileReference; lastKnownFileType = file; path = NanumSquareOTFExtraBold.otf; sourceTree = "<group>"; };
		1E3A578325C7014600DBB3F4 /* NanumSquareOTFLight.otf */ = {isa = PBXFileReference; lastKnownFileType = file; path = NanumSquareOTFLight.otf; sourceTree = "<group>"; };
		1E3A57D725C724B200DBB3F4 /* PageView.swift */ = {isa = PBXFileReference; lastKnownFileType = sourcecode.swift; path = PageView.swift; sourceTree = "<group>"; };
		1E3A57EF25C73EC700DBB3F4 /* Meal.swift */ = {isa = PBXFileReference; lastKnownFileType = sourcecode.swift; path = Meal.swift; sourceTree = "<group>"; };
		1E3A57FA25C73FDD00DBB3F4 /* DailyMenu.swift */ = {isa = PBXFileReference; lastKnownFileType = sourcecode.swift; path = DailyMenu.swift; sourceTree = "<group>"; };
		1E3A581A25C98F9A00DBB3F4 /* AppState.swift */ = {isa = PBXFileReference; lastKnownFileType = sourcecode.swift; path = AppState.swift; sourceTree = "<group>"; };
		1E3A581F25C9C28000DBB3F4 /* Enums.swift */ = {isa = PBXFileReference; lastKnownFileType = sourcecode.swift; path = Enums.swift; sourceTree = "<group>"; };
		1E3A582925C9C6E300DBB3F4 /* RestaurantsView.swift */ = {isa = PBXFileReference; lastKnownFileType = sourcecode.swift; path = RestaurantsView.swift; sourceTree = "<group>"; };
		1E3A583625CACC9A00DBB3F4 /* RestaurantCell.swift */ = {isa = PBXFileReference; lastKnownFileType = sourcecode.swift; path = RestaurantCell.swift; sourceTree = "<group>"; };
		1E72267A25F916A6008C272E /* Responses.swift */ = {isa = PBXFileReference; lastKnownFileType = sourcecode.swift; path = Responses.swift; sourceTree = "<group>"; };
		1E7226F725FBDE72008C272E /* MealCell.swift */ = {isa = PBXFileReference; lastKnownFileType = sourcecode.swift; path = MealCell.swift; sourceTree = "<group>"; };
		1E96F92E25DEC14F0074940C /* MenuRepository.swift */ = {isa = PBXFileReference; lastKnownFileType = sourcecode.swift; path = MenuRepository.swift; sourceTree = "<group>"; };
		1E96F94225E132250074940C /* ActivityIndicator.swift */ = {isa = PBXFileReference; lastKnownFileType = sourcecode.swift; path = ActivityIndicator.swift; sourceTree = "<group>"; };
		1E96F95025E2525B0074940C /* LoginView.swift */ = {isa = PBXFileReference; lastKnownFileType = sourcecode.swift; path = LoginView.swift; sourceTree = "<group>"; };
		1E96F95825E255B00074940C /* Siksha.entitlements */ = {isa = PBXFileReference; lastKnownFileType = text.plist.entitlements; path = Siksha.entitlements; sourceTree = "<group>"; };
		1E9859A826629229003A483A /* VOCView.swift */ = {isa = PBXFileReference; lastKnownFileType = sourcecode.swift; path = VOCView.swift; sourceTree = "<group>"; };
		1E9A6EA92674BDFD005CAEA1 /* NavigationBarModifier.swift */ = {isa = PBXFileReference; lastKnownFileType = sourcecode.swift; path = NavigationBarModifier.swift; sourceTree = "<group>"; };
		1EABA80A25EBE28000B79CB8 /* Utils.swift */ = {isa = PBXFileReference; lastKnownFileType = sourcecode.swift; path = Utils.swift; sourceTree = "<group>"; };
		1EB5F43B263E8EDE0012201A /* OperatingHoursTable.swift */ = {isa = PBXFileReference; lastKnownFileType = sourcecode.swift; path = OperatingHoursTable.swift; sourceTree = "<group>"; };
		1EB5F43E264467B80012201A /* SikshaAPI.swift */ = {isa = PBXFileReference; lastKnownFileType = sourcecode.swift; path = SikshaAPI.swift; sourceTree = "<group>"; };
		1EB5F4402644710A0012201A /* Networking.swift */ = {isa = PBXFileReference; lastKnownFileType = sourcecode.swift; path = Networking.swift; sourceTree = "<group>"; };
		1ECB248025F14C0F00875E18 /* LoginViewModel.swift */ = {isa = PBXFileReference; lastKnownFileType = sourcecode.swift; path = LoginViewModel.swift; sourceTree = "<group>"; };
		1ECB251C25F1739D00875E18 /* Config.swift */ = {isa = PBXFileReference; lastKnownFileType = sourcecode.swift; path = Config.swift; sourceTree = "<group>"; };
		1ECB254C25F2975A00875E18 /* MealInfoView.swift */ = {isa = PBXFileReference; lastKnownFileType = sourcecode.swift; path = MealInfoView.swift; sourceTree = "<group>"; };
		1ECB255125F2999100875E18 /* RatingStar.swift */ = {isa = PBXFileReference; lastKnownFileType = sourcecode.swift; path = RatingStar.swift; sourceTree = "<group>"; };
		1ECB255C25F2B3EA00875E18 /* ReviewCell.swift */ = {isa = PBXFileReference; lastKnownFileType = sourcecode.swift; path = ReviewCell.swift; sourceTree = "<group>"; };
		1ECB257C25F5412200875E18 /* TextView.swift */ = {isa = PBXFileReference; lastKnownFileType = sourcecode.swift; path = TextView.swift; sourceTree = "<group>"; };
		1ECB258125F5572F00875E18 /* MealReviewViewModel.swift */ = {isa = PBXFileReference; lastKnownFileType = sourcecode.swift; path = MealReviewViewModel.swift; sourceTree = "<group>"; };
		1ED44A3625CC6094001D916B /* MealReviewView.swift */ = {isa = PBXFileReference; lastKnownFileType = sourcecode.swift; path = MealReviewView.swift; sourceTree = "<group>"; };
		1ED44A4025CC6135001D916B /* BottomModalView.swift */ = {isa = PBXFileReference; lastKnownFileType = sourcecode.swift; path = BottomModalView.swift; sourceTree = "<group>"; };
		1ED44A4525CC6579001D916B /* MealInfoViewModel.swift */ = {isa = PBXFileReference; lastKnownFileType = sourcecode.swift; path = MealInfoViewModel.swift; sourceTree = "<group>"; };
		1ED44A6225CDB709001D916B /* FavoriteView.swift */ = {isa = PBXFileReference; lastKnownFileType = sourcecode.swift; path = FavoriteView.swift; sourceTree = "<group>"; };
		1ED44A6A25CDB77A001D916B /* FavoriteViewModel.swift */ = {isa = PBXFileReference; lastKnownFileType = sourcecode.swift; path = FavoriteViewModel.swift; sourceTree = "<group>"; };
		2300D48B25FBD07F0037765D /* config.plist */ = {isa = PBXFileReference; fileEncoding = 4; lastKnownFileType = text.plist.xml; path = config.plist; sourceTree = "<group>"; };
		2303CF1D265A5E27002328F5 /* ImagePickerCoordinatorView.swift */ = {isa = PBXFileReference; lastKnownFileType = sourcecode.swift; path = ImagePickerCoordinatorView.swift; sourceTree = "<group>"; tabWidth = 5; };
		231C9C3D25F7FA7C0072C07A /* GoogleService-Info-dev.plist */ = {isa = PBXFileReference; fileEncoding = 4; lastKnownFileType = text.plist.xml; path = "GoogleService-Info-dev.plist"; sourceTree = "<group>"; };
		231C9C4225F7FA800072C07A /* GoogleService-Info.plist */ = {isa = PBXFileReference; fileEncoding = 4; lastKnownFileType = text.plist.xml; path = "GoogleService-Info.plist"; sourceTree = "<group>"; };
		231C9C6725F7FAFB0072C07A /* InformationView.swift */ = {isa = PBXFileReference; lastKnownFileType = sourcecode.swift; path = InformationView.swift; sourceTree = "<group>"; };
		231C9C6F25F7FB720072C07A /* RestaurantOrderView.swift */ = {isa = PBXFileReference; lastKnownFileType = sourcecode.swift; path = RestaurantOrderView.swift; sourceTree = "<group>"; };
		231C9C7725F7FB9E0072C07A /* FavoriteRestaurantOrderView.swift */ = {isa = PBXFileReference; lastKnownFileType = sourcecode.swift; path = FavoriteRestaurantOrderView.swift; sourceTree = "<group>"; };
		231C9C8F25F82D660072C07A /* RestaurantOrderRow.swift */ = {isa = PBXFileReference; lastKnownFileType = sourcecode.swift; path = RestaurantOrderRow.swift; sourceTree = "<group>"; };
		231C9CE425F835B40072C07A /* BackButton.swift */ = {isa = PBXFileReference; lastKnownFileType = sourcecode.swift; path = BackButton.swift; sourceTree = "<group>"; };
		231C9CF725F83A850072C07A /* RestaurantInformationView.swift */ = {isa = PBXFileReference; lastKnownFileType = sourcecode.swift; path = RestaurantInformationView.swift; sourceTree = "<group>"; };
		231C9D1325F8568C0072C07A /* MapView.swift */ = {isa = PBXFileReference; lastKnownFileType = sourcecode.swift; path = MapView.swift; sourceTree = "<group>"; };
		231C9D2025FB5E490072C07A /* SegmentedControlView.swift */ = {isa = PBXFileReference; lastKnownFileType = sourcecode.swift; path = SegmentedControlView.swift; sourceTree = "<group>"; };
		231DEB3A266BC5C900AA32C0 /* ReviewListViewModel.swift */ = {isa = PBXFileReference; lastKnownFileType = sourcecode.swift; path = ReviewListViewModel.swift; sourceTree = "<group>"; };
		23258E9B26496D9D00146BC5 /* HorizontalGraph.swift */ = {isa = PBXFileReference; lastKnownFileType = sourcecode.swift; path = HorizontalGraph.swift; sourceTree = "<group>"; };
		234DB0D8264156150049FE6B /* CalendarView.swift */ = {isa = PBXFileReference; lastKnownFileType = sourcecode.swift; path = CalendarView.swift; sourceTree = "<group>"; };
		2360CD8F266353F1007E02DB /* en */ = {isa = PBXFileReference; lastKnownFileType = text.plist.strings; name = en; path = en.lproj/Localizable.strings; sourceTree = "<group>"; };
		2360CD9426635442007E02DB /* ko */ = {isa = PBXFileReference; lastKnownFileType = text.plist.strings; name = ko; path = ko.lproj/LaunchScreen.strings; sourceTree = "<group>"; };
		2360CD9526635442007E02DB /* ko */ = {isa = PBXFileReference; lastKnownFileType = text.plist.strings; name = ko; path = ko.lproj/Localizable.strings; sourceTree = "<group>"; };
		2360CD992663778B007E02DB /* ReviewListView.swift */ = {isa = PBXFileReference; lastKnownFileType = sourcecode.swift; path = ReviewListView.swift; sourceTree = "<group>"; };
		23DFD2032664110B0049F8D7 /* RemoteImage.swift */ = {isa = PBXFileReference; lastKnownFileType = sourcecode.swift; path = RemoteImage.swift; sourceTree = "<group>"; };
		23DFD20E2664C2720049F8D7 /* DetailImageView.swift */ = {isa = PBXFileReference; lastKnownFileType = sourcecode.swift; path = DetailImageView.swift; sourceTree = "<group>"; };
		23DFD2162664CD400049F8D7 /* ThumbnailImage.swift */ = {isa = PBXFileReference; lastKnownFileType = sourcecode.swift; path = ThumbnailImage.swift; sourceTree = "<group>"; };
		3CFE17DD166E5B7199BE83CC /* Pods-Siksha.debug.xcconfig */ = {isa = PBXFileReference; includeInIndex = 1; lastKnownFileType = text.xcconfig; name = "Pods-Siksha.debug.xcconfig"; path = "Target Support Files/Pods-Siksha/Pods-Siksha.debug.xcconfig"; sourceTree = "<group>"; };
		4E3D4EE62A74E02A005C7AB2 /* BoardNameCell.swift */ = {isa = PBXFileReference; lastKnownFileType = sourcecode.swift; path = BoardNameCell.swift; sourceTree = "<group>"; };
		4E3D4EE82A74E82B005C7AB2 /* BoardSelect.swift */ = {isa = PBXFileReference; lastKnownFileType = sourcecode.swift; path = BoardSelect.swift; sourceTree = "<group>"; };
		4E3D4EEA2A74F743005C7AB2 /* TopPostCell.swift */ = {isa = PBXFileReference; lastKnownFileType = sourcecode.swift; path = TopPostCell.swift; sourceTree = "<group>"; };
		4E3D4EEE2A750078005C7AB2 /* TopPosts.swift */ = {isa = PBXFileReference; lastKnownFileType = sourcecode.swift; path = TopPosts.swift; sourceTree = "<group>"; };
		4ED0B8D929F8AB24005A1683 /* config.plist */ = {isa = PBXFileReference; fileEncoding = 4; lastKnownFileType = text.plist.xml; path = config.plist; sourceTree = "<group>"; };
		4ED0B8DB29F8AB2D005A1683 /* GoogleService-Info-dev.plist */ = {isa = PBXFileReference; fileEncoding = 4; lastKnownFileType = text.plist.xml; path = "GoogleService-Info-dev.plist"; sourceTree = "<group>"; };
		4ED0B8DD29F8AB35005A1683 /* GoogleService-Info.plist */ = {isa = PBXFileReference; fileEncoding = 4; lastKnownFileType = text.plist.xml; path = "GoogleService-Info.plist"; sourceTree = "<group>"; };
		4EE14E182A4810A9007B9312 /* RestaurantOrderViewModel.swift */ = {isa = PBXFileReference; lastKnownFileType = sourcecode.swift; path = RestaurantOrderViewModel.swift; sourceTree = "<group>"; };
		8F5E60392BFBF8D258B20F4B /* Pods_Siksha.framework */ = {isa = PBXFileReference; explicitFileType = wrapper.framework; includeInIndex = 0; path = Pods_Siksha.framework; sourceTree = BUILT_PRODUCTS_DIR; };
		9206586248E5AFFD0681673F /* Pods-Siksha.release.xcconfig */ = {isa = PBXFileReference; includeInIndex = 1; lastKnownFileType = text.xcconfig; name = "Pods-Siksha.release.xcconfig"; path = "Target Support Files/Pods-Siksha/Pods-Siksha.release.xcconfig"; sourceTree = "<group>"; };
		BFA4759E2950B54400B41AA7 /* UINavigationBar+ext.swift */ = {isa = PBXFileReference; lastKnownFileType = sourcecode.swift; path = "UINavigationBar+ext.swift"; sourceTree = "<group>"; };
/* End PBXFileReference section */

/* Begin PBXFrameworksBuildPhase section */
		1E3A56E425C6FCE600DBB3F4 /* Frameworks */ = {
			isa = PBXFrameworksBuildPhase;
			buildActionMask = 2147483647;
			files = (
				B5440F76BAF2C8A592A38A11 /* Pods_Siksha.framework in Frameworks */,
			);
			runOnlyForDeploymentPostprocessing = 0;
		};
		1E3A56FA25C6FCE900DBB3F4 /* Frameworks */ = {
			isa = PBXFrameworksBuildPhase;
			buildActionMask = 2147483647;
			files = (
			);
			runOnlyForDeploymentPostprocessing = 0;
		};
		1E3A570525C6FCE900DBB3F4 /* Frameworks */ = {
			isa = PBXFrameworksBuildPhase;
			buildActionMask = 2147483647;
			files = (
			);
			runOnlyForDeploymentPostprocessing = 0;
		};
/* End PBXFrameworksBuildPhase section */

/* Begin PBXGroup section */
		1E3A56DE25C6FCE600DBB3F4 = {
			isa = PBXGroup;
			children = (
				1E3A56E925C6FCE600DBB3F4 /* Siksha */,
				1E3A570025C6FCE900DBB3F4 /* SikshaTests */,
				1E3A570B25C6FCE900DBB3F4 /* SikshaUITests */,
				1E3A56E825C6FCE600DBB3F4 /* Products */,
				BB378484FB4B02EA3B0876A2 /* Pods */,
				E08A5B1C1215B1C23C52ABF5 /* Frameworks */,
			);
			sourceTree = "<group>";
		};
		1E3A56E825C6FCE600DBB3F4 /* Products */ = {
			isa = PBXGroup;
			children = (
				1E3A56E725C6FCE600DBB3F4 /* Siksha.app */,
				1E3A56FD25C6FCE900DBB3F4 /* SikshaTests.xctest */,
				1E3A570825C6FCE900DBB3F4 /* SikshaUITests.xctest */,
			);
			name = Products;
			sourceTree = "<group>";
		};
		1E3A56E925C6FCE600DBB3F4 /* Siksha */ = {
			isa = PBXGroup;
			children = (
				4EB660B82A74DBC100E52314 /* Community */,
				1E96F95825E255B00074940C /* Siksha.entitlements */,
				1ECB24FF25F16D1C00875E18 /* Repository */,
				1E3A574125C6FEC600DBB3F4 /* Models */,
				1EB5F43D264467A90012201A /* Networking */,
				1E3A56EC25C6FCE600DBB3F4 /* SceneDelegate.swift */,
				1E3A56EE25C6FCE600DBB3F4 /* ContentView.swift */,
				1E3A56EA25C6FCE600DBB3F4 /* AppDelegate.swift */,
				1E3A581A25C98F9A00DBB3F4 /* AppState.swift */,
				1E96F95025E2525B0074940C /* LoginView.swift */,
				1ECB248025F14C0F00875E18 /* LoginViewModel.swift */,
				231C9C9425F82EA80072C07A /* RestaurantInfo */,
				1ECB254525F2970C00875E18 /* MealDetail */,
				1E3A572825C6FDC000DBB3F4 /* Main */,
				1ED44A6125CDB6F5001D916B /* Favorite */,
				1E3A572F25C6FDEC00DBB3F4 /* Settings */,
				1E3A573825C6FE1600DBB3F4 /* Library */,
				1ECB251625F16FDB00875E18 /* Supporting Files */,
				1E3A56F025C6FCE800DBB3F4 /* Assets.xcassets */,
				1E3A56F525C6FCE800DBB3F4 /* LaunchScreen.storyboard */,
				1E3A577425C7012F00DBB3F4 /* Font */,
				1E3A56F825C6FCE800DBB3F4 /* Info.plist */,
				1E3A56F225C6FCE800DBB3F4 /* Preview Content */,
			);
			path = Siksha;
			sourceTree = "<group>";
		};
		1E3A56F225C6FCE800DBB3F4 /* Preview Content */ = {
			isa = PBXGroup;
			children = (
				1E3A56F325C6FCE800DBB3F4 /* Preview Assets.xcassets */,
			);
			path = "Preview Content";
			sourceTree = "<group>";
		};
		1E3A570025C6FCE900DBB3F4 /* SikshaTests */ = {
			isa = PBXGroup;
			children = (
				1E3A570125C6FCE900DBB3F4 /* SikshaTests.swift */,
				1E3A570325C6FCE900DBB3F4 /* Info.plist */,
			);
			path = SikshaTests;
			sourceTree = "<group>";
		};
		1E3A570B25C6FCE900DBB3F4 /* SikshaUITests */ = {
			isa = PBXGroup;
			children = (
				1E3A570C25C6FCE900DBB3F4 /* SikshaUITests.swift */,
				1E3A570E25C6FCE900DBB3F4 /* Info.plist */,
			);
			path = SikshaUITests;
			sourceTree = "<group>";
		};
		1E3A572825C6FDC000DBB3F4 /* Main */ = {
			isa = PBXGroup;
			children = (
				1E3A572325C6FDA300DBB3F4 /* MenuView.swift */,
				1E3A575725C6FF2900DBB3F4 /* MenuViewModel.swift */,
				1E3A582925C9C6E300DBB3F4 /* RestaurantsView.swift */,
			);
			path = Main;
			sourceTree = "<group>";
		};
		1E3A572F25C6FDEC00DBB3F4 /* Settings */ = {
			isa = PBXGroup;
			children = (
				1E3A573025C6FE0900DBB3F4 /* SettingsView.swift */,
				1E3A576125C6FF8100DBB3F4 /* SettingsViewModel.swift */,
				231C9C7725F7FB9E0072C07A /* FavoriteRestaurantOrderView.swift */,
				1E9859A826629229003A483A /* VOCView.swift */,
				231C9C6725F7FAFB0072C07A /* InformationView.swift */,
				231C9C6F25F7FB720072C07A /* RestaurantOrderView.swift */,
				4EE14E182A4810A9007B9312 /* RestaurantOrderViewModel.swift */,
			);
			path = Settings;
			sourceTree = "<group>";
		};
		1E3A573825C6FE1600DBB3F4 /* Library */ = {
			isa = PBXGroup;
			children = (
				BFA4759D2950B53500B41AA7 /* Extensions */,
				1ECB250025F16D4D00875E18 /* UIRepresentable */,
				1E3A573925C6FE2700DBB3F4 /* Extensions.swift */,
				1E9A6EA92674BDFD005CAEA1 /* NavigationBarModifier.swift */,
				1ECB250125F16D7900875E18 /* View Elements */,
				1EABA80A25EBE28000B79CB8 /* Utils.swift */,
				1E3A581F25C9C28000DBB3F4 /* Enums.swift */,
				2360CD90266353F1007E02DB /* Localizable.strings */,
				1ECB251C25F1739D00875E18 /* Config.swift */,
			);
			path = Library;
			sourceTree = "<group>";
		};
		1E3A574125C6FEC600DBB3F4 /* Models */ = {
			isa = PBXGroup;
			children = (
				1E3A57FA25C73FDD00DBB3F4 /* DailyMenu.swift */,
				1E3A57EF25C73EC700DBB3F4 /* Meal.swift */,
				1E3A574D25C6FF0500DBB3F4 /* Restaurant.swift */,
				1E3A575225C6FF1400DBB3F4 /* Review.swift */,
			);
			path = Models;
			sourceTree = "<group>";
		};
		1E3A577425C7012F00DBB3F4 /* Font */ = {
			isa = PBXGroup;
			children = (
				1E3A578125C7014600DBB3F4 /* NanumSquareOTFBold.otf */,
				1E3A578225C7014600DBB3F4 /* NanumSquareOTFExtraBold.otf */,
				1E3A578325C7014600DBB3F4 /* NanumSquareOTFLight.otf */,
				1E3A578025C7014600DBB3F4 /* NanumSquareOTFRegular.otf */,
			);
			path = Font;
			sourceTree = "<group>";
		};
		1EB5F43D264467A90012201A /* Networking */ = {
			isa = PBXGroup;
			children = (
				1EB5F43E264467B80012201A /* SikshaAPI.swift */,
				1EB5F4402644710A0012201A /* Networking.swift */,
				1E72267A25F916A6008C272E /* Responses.swift */,
			);
			path = Networking;
			sourceTree = "<group>";
		};
		1ECB24FF25F16D1C00875E18 /* Repository */ = {
			isa = PBXGroup;
			children = (
				1E96F92E25DEC14F0074940C /* MenuRepository.swift */,
			);
			path = Repository;
			sourceTree = "<group>";
		};
		1ECB250025F16D4D00875E18 /* UIRepresentable */ = {
			isa = PBXGroup;
			children = (
				1E96F94225E132250074940C /* ActivityIndicator.swift */,
				1E3A57D725C724B200DBB3F4 /* PageView.swift */,
				1ECB257C25F5412200875E18 /* TextView.swift */,
				234DB0D8264156150049FE6B /* CalendarView.swift */,
			);
			path = UIRepresentable;
			sourceTree = "<group>";
		};
		1ECB250125F16D7900875E18 /* View Elements */ = {
			isa = PBXGroup;
			children = (
				231C9C8F25F82D660072C07A /* RestaurantOrderRow.swift */,
				1EB5F43B263E8EDE0012201A /* OperatingHoursTable.swift */,
				1E3A583625CACC9A00DBB3F4 /* RestaurantCell.swift */,
				1E7226F725FBDE72008C272E /* MealCell.swift */,
				23DFD2032664110B0049F8D7 /* RemoteImage.swift */,
				1ECB255C25F2B3EA00875E18 /* ReviewCell.swift */,
				23258E9B26496D9D00146BC5 /* HorizontalGraph.swift */,
				231C9D1325F8568C0072C07A /* MapView.swift */,
				231C9CE425F835B40072C07A /* BackButton.swift */,
				231C9D2025FB5E490072C07A /* SegmentedControlView.swift */,
				23DFD20E2664C2720049F8D7 /* DetailImageView.swift */,
				1ED44A4025CC6135001D916B /* BottomModalView.swift */,
				1ECB255125F2999100875E18 /* RatingStar.swift */,
				23DFD2162664CD400049F8D7 /* ThumbnailImage.swift */,
				2303CF1D265A5E27002328F5 /* ImagePickerCoordinatorView.swift */,
			);
			path = "View Elements";
			sourceTree = "<group>";
		};
		1ECB251625F16FDB00875E18 /* Supporting Files */ = {
			isa = PBXGroup;
			children = (
				231C9C3D25F7FA7C0072C07A /* GoogleService-Info-dev.plist */,
				4ED0B8DB29F8AB2D005A1683 /* GoogleService-Info-dev.plist */,
				2300D48B25FBD07F0037765D /* config.plist */,
				4ED0B8DD29F8AB35005A1683 /* GoogleService-Info.plist */,
				4ED0B8D929F8AB24005A1683 /* config.plist */,
				231C9C4225F7FA800072C07A /* GoogleService-Info.plist */,
			);
			path = "Supporting Files";
			sourceTree = "<group>";
		};
		1ECB254525F2970C00875E18 /* MealDetail */ = {
			isa = PBXGroup;
			children = (
				1ED44A4525CC6579001D916B /* MealInfoViewModel.swift */,
				1ECB254C25F2975A00875E18 /* MealInfoView.swift */,
				1ED44A3625CC6094001D916B /* MealReviewView.swift */,
				1ECB258125F5572F00875E18 /* MealReviewViewModel.swift */,
				231DEB3A266BC5C900AA32C0 /* ReviewListViewModel.swift */,
				2360CD992663778B007E02DB /* ReviewListView.swift */,
			);
			path = MealDetail;
			sourceTree = "<group>";
		};
		1ED44A6125CDB6F5001D916B /* Favorite */ = {
			isa = PBXGroup;
			children = (
				1ED44A6225CDB709001D916B /* FavoriteView.swift */,
				1ED44A6A25CDB77A001D916B /* FavoriteViewModel.swift */,
			);
			path = Favorite;
			sourceTree = "<group>";
		};
		231C9C9425F82EA80072C07A /* RestaurantInfo */ = {
			isa = PBXGroup;
			children = (
				231C9CF725F83A850072C07A /* RestaurantInformationView.swift */,
			);
			path = RestaurantInfo;
			sourceTree = "<group>";
		};
		4EB660B82A74DBC100E52314 /* Community */ = {
			isa = PBXGroup;
			children = (
				4E3D4EE62A74E02A005C7AB2 /* BoardNameCell.swift */,
				4E3D4EE82A74E82B005C7AB2 /* BoardSelect.swift */,
				4E3D4EEA2A74F743005C7AB2 /* TopPostCell.swift */,
				4E3D4EEE2A750078005C7AB2 /* TopPosts.swift */,
			);
			path = Community;
			sourceTree = "<group>";
		};
		5127BCAAB12CF9DDFA269AEB /* Frameworks */ = {
			isa = PBXGroup;
			children = (
				808FCE4E67E0E2D98B171F33 /* Pods_Siksha.framework */,
			);
			name = Frameworks;
			sourceTree = "<group>";
		};
		BB378484FB4B02EA3B0876A2 /* Pods */ = {
			isa = PBXGroup;
			children = (
				002C8A13CB8259A4B22C9CA9 /* Pods-Siksha.debug.xcconfig */,
				9206586248E5AFFD0681673F /* Pods-Siksha.release.xcconfig */,
			);
			path = Pods;
			sourceTree = "<group>";
		};
		BFA4759D2950B53500B41AA7 /* Extensions */ = {
			isa = PBXGroup;
			children = (
				BFA4759E2950B54400B41AA7 /* UINavigationBar+ext.swift */,
			);
			path = Extensions;
			sourceTree = "<group>";
		};
		E08A5B1C1215B1C23C52ABF5 /* Frameworks */ = {
			isa = PBXGroup;
			children = (
				8F5E60392BFBF8D258B20F4B /* Pods_Siksha.framework */,
			);
			name = Frameworks;
			sourceTree = "<group>";
		};
/* End PBXGroup section */

/* Begin PBXNativeTarget section */
		1E3A56E625C6FCE600DBB3F4 /* Siksha */ = {
			isa = PBXNativeTarget;
			buildConfigurationList = 1E3A571125C6FCE900DBB3F4 /* Build configuration list for PBXNativeTarget "Siksha" */;
			buildPhases = (
				A13ABBF89EF49BB4D423B2A8 /* [CP] Check Pods Manifest.lock */,
				1E3A56E325C6FCE600DBB3F4 /* Sources */,
				1E3A56E425C6FCE600DBB3F4 /* Frameworks */,
				1E3A56E525C6FCE600DBB3F4 /* Resources */,
				C4DB641CCDA235DB192889F5 /* [CP] Embed Pods Frameworks */,
				50E0F36D5D78D717F10AC7D0 /* [CP] Copy Pods Resources */,
			);
			buildRules = (
			);
			dependencies = (
			);
			name = Siksha;
			productName = Siksha;
			productReference = 1E3A56E725C6FCE600DBB3F4 /* Siksha.app */;
			productType = "com.apple.product-type.application";
		};
		1E3A56FC25C6FCE900DBB3F4 /* SikshaTests */ = {
			isa = PBXNativeTarget;
			buildConfigurationList = 1E3A571425C6FCE900DBB3F4 /* Build configuration list for PBXNativeTarget "SikshaTests" */;
			buildPhases = (
				1E3A56F925C6FCE900DBB3F4 /* Sources */,
				1E3A56FA25C6FCE900DBB3F4 /* Frameworks */,
				1E3A56FB25C6FCE900DBB3F4 /* Resources */,
			);
			buildRules = (
			);
			dependencies = (
				1E3A56FF25C6FCE900DBB3F4 /* PBXTargetDependency */,
			);
			name = SikshaTests;
			productName = SikshaTests;
			productReference = 1E3A56FD25C6FCE900DBB3F4 /* SikshaTests.xctest */;
			productType = "com.apple.product-type.bundle.unit-test";
		};
		1E3A570725C6FCE900DBB3F4 /* SikshaUITests */ = {
			isa = PBXNativeTarget;
			buildConfigurationList = 1E3A571725C6FCE900DBB3F4 /* Build configuration list for PBXNativeTarget "SikshaUITests" */;
			buildPhases = (
				1E3A570425C6FCE900DBB3F4 /* Sources */,
				1E3A570525C6FCE900DBB3F4 /* Frameworks */,
				1E3A570625C6FCE900DBB3F4 /* Resources */,
			);
			buildRules = (
			);
			dependencies = (
				1E3A570A25C6FCE900DBB3F4 /* PBXTargetDependency */,
			);
			name = SikshaUITests;
			productName = SikshaUITests;
			productReference = 1E3A570825C6FCE900DBB3F4 /* SikshaUITests.xctest */;
			productType = "com.apple.product-type.bundle.ui-testing";
		};
/* End PBXNativeTarget section */

/* Begin PBXProject section */
		1E3A56DF25C6FCE600DBB3F4 /* Project object */ = {
			isa = PBXProject;
			attributes = {
				LastSwiftUpdateCheck = 1240;
				LastUpgradeCheck = 1240;
				TargetAttributes = {
					1E3A56E625C6FCE600DBB3F4 = {
						CreatedOnToolsVersion = 12.4;
					};
					1E3A56FC25C6FCE900DBB3F4 = {
						CreatedOnToolsVersion = 12.4;
						TestTargetID = 1E3A56E625C6FCE600DBB3F4;
					};
					1E3A570725C6FCE900DBB3F4 = {
						CreatedOnToolsVersion = 12.4;
						TestTargetID = 1E3A56E625C6FCE600DBB3F4;
					};
				};
			};
			buildConfigurationList = 1E3A56E225C6FCE600DBB3F4 /* Build configuration list for PBXProject "Siksha" */;
			compatibilityVersion = "Xcode 9.3";
			developmentRegion = en;
			hasScannedForEncodings = 0;
			knownRegions = (
				en,
				Base,
				ko,
			);
			mainGroup = 1E3A56DE25C6FCE600DBB3F4;
			productRefGroup = 1E3A56E825C6FCE600DBB3F4 /* Products */;
			projectDirPath = "";
			projectRoot = "";
			targets = (
				1E3A56E625C6FCE600DBB3F4 /* Siksha */,
				1E3A56FC25C6FCE900DBB3F4 /* SikshaTests */,
				1E3A570725C6FCE900DBB3F4 /* SikshaUITests */,
			);
		};
/* End PBXProject section */

/* Begin PBXResourcesBuildPhase section */
		1E3A56E525C6FCE600DBB3F4 /* Resources */ = {
			isa = PBXResourcesBuildPhase;
			buildActionMask = 2147483647;
			files = (
				231C9CCA25F8350F0072C07A /* Preview Assets.xcassets in Resources */,
				231C9CB625F834D40072C07A /* Assets.xcassets in Resources */,
				2360CD8E266353F1007E02DB /* Localizable.strings in Resources */,
				2300D48C25FBD07F0037765D /* config.plist in Resources */,
				1E3A56F725C6FCE800DBB3F4 /* LaunchScreen.storyboard in Resources */,
				1E3A57CF25C71F2400DBB3F4 /* NanumSquareOTFLight.otf in Resources */,
				4ED0B8DC29F8AB2D005A1683 /* GoogleService-Info-dev.plist in Resources */,
				231C9C4325F7FA800072C07A /* GoogleService-Info.plist in Resources */,
				1E3A57CE25C71F2200DBB3F4 /* NanumSquareOTFExtraBold.otf in Resources */,
				4ED0B8DA29F8AB24005A1683 /* config.plist in Resources */,
				1E3A57D325C71F2600DBB3F4 /* NanumSquareOTFRegular.otf in Resources */,
				1E3A57CA25C71F2000DBB3F4 /* NanumSquareOTFBold.otf in Resources */,
				231C9C3E25F7FA7C0072C07A /* GoogleService-Info-dev.plist in Resources */,
				4ED0B8DE29F8AB35005A1683 /* GoogleService-Info.plist in Resources */,
			);
			runOnlyForDeploymentPostprocessing = 0;
		};
		1E3A56FB25C6FCE900DBB3F4 /* Resources */ = {
			isa = PBXResourcesBuildPhase;
			buildActionMask = 2147483647;
			files = (
			);
			runOnlyForDeploymentPostprocessing = 0;
		};
		1E3A570625C6FCE900DBB3F4 /* Resources */ = {
			isa = PBXResourcesBuildPhase;
			buildActionMask = 2147483647;
			files = (
			);
			runOnlyForDeploymentPostprocessing = 0;
		};
/* End PBXResourcesBuildPhase section */

/* Begin PBXShellScriptBuildPhase section */
		50E0F36D5D78D717F10AC7D0 /* [CP] Copy Pods Resources */ = {
			isa = PBXShellScriptBuildPhase;
			buildActionMask = 2147483647;
			files = (
			);
			inputFileListPaths = (
				"${PODS_ROOT}/Target Support Files/Pods-Siksha/Pods-Siksha-resources-${CONFIGURATION}-input-files.xcfilelist",
			);
			name = "[CP] Copy Pods Resources";
			outputFileListPaths = (
				"${PODS_ROOT}/Target Support Files/Pods-Siksha/Pods-Siksha-resources-${CONFIGURATION}-output-files.xcfilelist",
			);
			runOnlyForDeploymentPostprocessing = 0;
			shellPath = /bin/sh;
			shellScript = "\"${PODS_ROOT}/Target Support Files/Pods-Siksha/Pods-Siksha-resources.sh\"\n";
			showEnvVarsInLog = 0;
		};
		A13ABBF89EF49BB4D423B2A8 /* [CP] Check Pods Manifest.lock */ = {
			isa = PBXShellScriptBuildPhase;
			buildActionMask = 2147483647;
			files = (
			);
			inputFileListPaths = (
			);
			inputPaths = (
				"${PODS_PODFILE_DIR_PATH}/Podfile.lock",
				"${PODS_ROOT}/Manifest.lock",
			);
			name = "[CP] Check Pods Manifest.lock";
			outputFileListPaths = (
			);
			outputPaths = (
				"$(DERIVED_FILE_DIR)/Pods-Siksha-checkManifestLockResult.txt",
			);
			runOnlyForDeploymentPostprocessing = 0;
			shellPath = /bin/sh;
			shellScript = "diff \"${PODS_PODFILE_DIR_PATH}/Podfile.lock\" \"${PODS_ROOT}/Manifest.lock\" > /dev/null\nif [ $? != 0 ] ; then\n    # print error to STDERR\n    echo \"error: The sandbox is not in sync with the Podfile.lock. Run 'pod install' or update your CocoaPods installation.\" >&2\n    exit 1\nfi\n# This output is used by Xcode 'outputs' to avoid re-running this script phase.\necho \"SUCCESS\" > \"${SCRIPT_OUTPUT_FILE_0}\"\n";
			showEnvVarsInLog = 0;
		};
		C4DB641CCDA235DB192889F5 /* [CP] Embed Pods Frameworks */ = {
			isa = PBXShellScriptBuildPhase;
			buildActionMask = 2147483647;
			files = (
			);
			inputFileListPaths = (
				"${PODS_ROOT}/Target Support Files/Pods-Siksha/Pods-Siksha-frameworks-${CONFIGURATION}-input-files.xcfilelist",
			);
			name = "[CP] Embed Pods Frameworks";
			outputFileListPaths = (
				"${PODS_ROOT}/Target Support Files/Pods-Siksha/Pods-Siksha-frameworks-${CONFIGURATION}-output-files.xcfilelist",
			);
			runOnlyForDeploymentPostprocessing = 0;
			shellPath = /bin/sh;
			shellScript = "\"${PODS_ROOT}/Target Support Files/Pods-Siksha/Pods-Siksha-frameworks.sh\"\n";
			showEnvVarsInLog = 0;
		};
/* End PBXShellScriptBuildPhase section */

/* Begin PBXSourcesBuildPhase section */
		1E3A56E325C6FCE600DBB3F4 /* Sources */ = {
			isa = PBXSourcesBuildPhase;
			buildActionMask = 2147483647;
			files = (
				231C9C6825F7FAFB0072C07A /* InformationView.swift in Sources */,
				1ED44A6B25CDB77A001D916B /* FavoriteViewModel.swift in Sources */,
				4EE14E192A4810A9007B9312 /* RestaurantOrderViewModel.swift in Sources */,
				234DB0D9264156150049FE6B /* CalendarView.swift in Sources */,
				1ECB255225F2999100875E18 /* RatingStar.swift in Sources */,
				1EB5F4412644710A0012201A /* Networking.swift in Sources */,
				1ECB257D25F5412300875E18 /* TextView.swift in Sources */,
				23DFD20F2664C2720049F8D7 /* DetailImageView.swift in Sources */,
				1E3A583725CACC9A00DBB3F4 /* RestaurantCell.swift in Sources */,
				1E3A56EB25C6FCE600DBB3F4 /* AppDelegate.swift in Sources */,
				231C9D1425F8568C0072C07A /* MapView.swift in Sources */,
				1E3A582025C9C28000DBB3F4 /* Enums.swift in Sources */,
				2360CD9A2663778B007E02DB /* ReviewListView.swift in Sources */,
				1E96F94325E132250074940C /* ActivityIndicator.swift in Sources */,
				1EABA80B25EBE28000B79CB8 /* Utils.swift in Sources */,
				1E3A581B25C98F9A00DBB3F4 /* AppState.swift in Sources */,
				4E3D4EE72A74E02A005C7AB2 /* BoardNameCell.swift in Sources */,
				1E3A582A25C9C6E300DBB3F4 /* RestaurantsView.swift in Sources */,
				1E3A57FB25C73FDD00DBB3F4 /* DailyMenu.swift in Sources */,
				231C9C7825F7FB9E0072C07A /* FavoriteRestaurantOrderView.swift in Sources */,
				1ED44A6325CDB709001D916B /* FavoriteView.swift in Sources */,
				4E3D4EEF2A750078005C7AB2 /* TopPosts.swift in Sources */,
				231C9CF825F83A850072C07A /* RestaurantInformationView.swift in Sources */,
				1ECB255D25F2B3EA00875E18 /* ReviewCell.swift in Sources */,
				1E3A572425C6FDA300DBB3F4 /* MenuView.swift in Sources */,
				1ED44A4625CC6579001D916B /* MealInfoViewModel.swift in Sources */,
				1ECB254D25F2975A00875E18 /* MealInfoView.swift in Sources */,
				1E3A57F025C73EC700DBB3F4 /* Meal.swift in Sources */,
				1EB5F43F264467B80012201A /* SikshaAPI.swift in Sources */,
				231C9CE525F835B40072C07A /* BackButton.swift in Sources */,
				BFA4759F2950B54500B41AA7 /* UINavigationBar+ext.swift in Sources */,
				1E96F95125E2525B0074940C /* LoginView.swift in Sources */,
				1E9A6EAA2674BDFD005CAEA1 /* NavigationBarModifier.swift in Sources */,
				23258E9C26496D9D00146BC5 /* HorizontalGraph.swift in Sources */,
				1E3A573A25C6FE2700DBB3F4 /* Extensions.swift in Sources */,
				1E96F92F25DEC14F0074940C /* MenuRepository.swift in Sources */,
				1E3A56ED25C6FCE600DBB3F4 /* SceneDelegate.swift in Sources */,
				231C9C9025F82D660072C07A /* RestaurantOrderRow.swift in Sources */,
				1E3A575325C6FF1400DBB3F4 /* Review.swift in Sources */,
				1ED44A3725CC6094001D916B /* MealReviewView.swift in Sources */,
				1E3A573125C6FE0900DBB3F4 /* SettingsView.swift in Sources */,
				1E3A576225C6FF8100DBB3F4 /* SettingsViewModel.swift in Sources */,
				1E72267B25F916A6008C272E /* Responses.swift in Sources */,
				2303CF1E265A5E27002328F5 /* ImagePickerCoordinatorView.swift in Sources */,
				231DEB3B266BC5C900AA32C0 /* ReviewListViewModel.swift in Sources */,
				231C9C7025F7FB720072C07A /* RestaurantOrderView.swift in Sources */,
				1E3A56EF25C6FCE600DBB3F4 /* ContentView.swift in Sources */,
				4E3D4EEB2A74F743005C7AB2 /* TopPostCell.swift in Sources */,
				1EB5F43C263E8EDE0012201A /* OperatingHoursTable.swift in Sources */,
				1ED44A4125CC6135001D916B /* BottomModalView.swift in Sources */,
				23DFD2172664CD400049F8D7 /* ThumbnailImage.swift in Sources */,
				1ECB251D25F1739D00875E18 /* Config.swift in Sources */,
				1E3A574E25C6FF0500DBB3F4 /* Restaurant.swift in Sources */,
				1E9859A926629229003A483A /* VOCView.swift in Sources */,
				4E3D4EE92A74E82B005C7AB2 /* BoardSelect.swift in Sources */,
				1E7226F825FBDE72008C272E /* MealCell.swift in Sources */,
				231C9D2125FB5E490072C07A /* SegmentedControlView.swift in Sources */,
				1ECB258225F5572F00875E18 /* MealReviewViewModel.swift in Sources */,
				23DFD2042664110B0049F8D7 /* RemoteImage.swift in Sources */,
				1E3A575825C6FF2900DBB3F4 /* MenuViewModel.swift in Sources */,
				1E3A57D825C724B200DBB3F4 /* PageView.swift in Sources */,
				1ECB248125F14C0F00875E18 /* LoginViewModel.swift in Sources */,
			);
			runOnlyForDeploymentPostprocessing = 0;
		};
		1E3A56F925C6FCE900DBB3F4 /* Sources */ = {
			isa = PBXSourcesBuildPhase;
			buildActionMask = 2147483647;
			files = (
				1E3A570225C6FCE900DBB3F4 /* SikshaTests.swift in Sources */,
			);
			runOnlyForDeploymentPostprocessing = 0;
		};
		1E3A570425C6FCE900DBB3F4 /* Sources */ = {
			isa = PBXSourcesBuildPhase;
			buildActionMask = 2147483647;
			files = (
				1E3A570D25C6FCE900DBB3F4 /* SikshaUITests.swift in Sources */,
			);
			runOnlyForDeploymentPostprocessing = 0;
		};
/* End PBXSourcesBuildPhase section */

/* Begin PBXTargetDependency section */
		1E3A56FF25C6FCE900DBB3F4 /* PBXTargetDependency */ = {
			isa = PBXTargetDependency;
			target = 1E3A56E625C6FCE600DBB3F4 /* Siksha */;
			targetProxy = 1E3A56FE25C6FCE900DBB3F4 /* PBXContainerItemProxy */;
		};
		1E3A570A25C6FCE900DBB3F4 /* PBXTargetDependency */ = {
			isa = PBXTargetDependency;
			target = 1E3A56E625C6FCE600DBB3F4 /* Siksha */;
			targetProxy = 1E3A570925C6FCE900DBB3F4 /* PBXContainerItemProxy */;
		};
/* End PBXTargetDependency section */

/* Begin PBXVariantGroup section */
		1E3A56F525C6FCE800DBB3F4 /* LaunchScreen.storyboard */ = {
			isa = PBXVariantGroup;
			children = (
				1E3A56F625C6FCE800DBB3F4 /* Base */,
				2360CD9426635442007E02DB /* ko */,
			);
			name = LaunchScreen.storyboard;
			sourceTree = "<group>";
		};
		2360CD90266353F1007E02DB /* Localizable.strings */ = {
			isa = PBXVariantGroup;
			children = (
				2360CD8F266353F1007E02DB /* en */,
				2360CD9526635442007E02DB /* ko */,
			);
			name = Localizable.strings;
			sourceTree = "<group>";
		};
/* End PBXVariantGroup section */

/* Begin XCBuildConfiguration section */
		1E3A570F25C6FCE900DBB3F4 /* Debug */ = {
			isa = XCBuildConfiguration;
			buildSettings = {
				ALWAYS_SEARCH_USER_PATHS = NO;
				CLANG_ANALYZER_LOCALIZABILITY_NONLOCALIZED = YES;
				CLANG_ANALYZER_NONNULL = YES;
				CLANG_ANALYZER_NUMBER_OBJECT_CONVERSION = YES_AGGRESSIVE;
				CLANG_CXX_LANGUAGE_STANDARD = "gnu++14";
				CLANG_CXX_LIBRARY = "libc++";
				CLANG_ENABLE_MODULES = YES;
				CLANG_ENABLE_OBJC_ARC = YES;
				CLANG_ENABLE_OBJC_WEAK = YES;
				CLANG_WARN_BLOCK_CAPTURE_AUTORELEASING = YES;
				CLANG_WARN_BOOL_CONVERSION = YES;
				CLANG_WARN_COMMA = YES;
				CLANG_WARN_CONSTANT_CONVERSION = YES;
				CLANG_WARN_DEPRECATED_OBJC_IMPLEMENTATIONS = YES;
				CLANG_WARN_DIRECT_OBJC_ISA_USAGE = YES_ERROR;
				CLANG_WARN_DOCUMENTATION_COMMENTS = YES;
				CLANG_WARN_EMPTY_BODY = YES;
				CLANG_WARN_ENUM_CONVERSION = YES;
				CLANG_WARN_INFINITE_RECURSION = YES;
				CLANG_WARN_INT_CONVERSION = YES;
				CLANG_WARN_NON_LITERAL_NULL_CONVERSION = YES;
				CLANG_WARN_OBJC_IMPLICIT_RETAIN_SELF = YES;
				CLANG_WARN_OBJC_LITERAL_CONVERSION = YES;
				CLANG_WARN_OBJC_ROOT_CLASS = YES_ERROR;
				CLANG_WARN_QUOTED_INCLUDE_IN_FRAMEWORK_HEADER = YES;
				CLANG_WARN_RANGE_LOOP_ANALYSIS = YES;
				CLANG_WARN_STRICT_PROTOTYPES = YES;
				CLANG_WARN_SUSPICIOUS_MOVE = YES;
				CLANG_WARN_UNGUARDED_AVAILABILITY = YES_AGGRESSIVE;
				CLANG_WARN_UNREACHABLE_CODE = YES;
				CLANG_WARN__DUPLICATE_METHOD_MATCH = YES;
				COPY_PHASE_STRIP = NO;
				DEBUG_INFORMATION_FORMAT = dwarf;
				ENABLE_STRICT_OBJC_MSGSEND = YES;
				ENABLE_TESTABILITY = YES;
				GCC_C_LANGUAGE_STANDARD = gnu11;
				GCC_DYNAMIC_NO_PIC = NO;
				GCC_NO_COMMON_BLOCKS = YES;
				GCC_OPTIMIZATION_LEVEL = 0;
				GCC_PREPROCESSOR_DEFINITIONS = (
					"DEBUG=1",
					"$(inherited)",
				);
				GCC_WARN_64_TO_32_BIT_CONVERSION = YES;
				GCC_WARN_ABOUT_RETURN_TYPE = YES_ERROR;
				GCC_WARN_UNDECLARED_SELECTOR = YES;
				GCC_WARN_UNINITIALIZED_AUTOS = YES_AGGRESSIVE;
				GCC_WARN_UNUSED_FUNCTION = YES;
				GCC_WARN_UNUSED_VARIABLE = YES;
				IPHONEOS_DEPLOYMENT_TARGET = 14.0;
				MTL_ENABLE_DEBUG_INFO = INCLUDE_SOURCE;
				MTL_FAST_MATH = YES;
				ONLY_ACTIVE_ARCH = YES;
				SDKROOT = iphoneos;
				SWIFT_ACTIVE_COMPILATION_CONDITIONS = DEBUG;
				SWIFT_OPTIMIZATION_LEVEL = "-Onone";
			};
			name = Debug;
		};
		1E3A571025C6FCE900DBB3F4 /* Release */ = {
			isa = XCBuildConfiguration;
			buildSettings = {
				ALWAYS_SEARCH_USER_PATHS = NO;
				CLANG_ANALYZER_LOCALIZABILITY_NONLOCALIZED = YES;
				CLANG_ANALYZER_NONNULL = YES;
				CLANG_ANALYZER_NUMBER_OBJECT_CONVERSION = YES_AGGRESSIVE;
				CLANG_CXX_LANGUAGE_STANDARD = "gnu++14";
				CLANG_CXX_LIBRARY = "libc++";
				CLANG_ENABLE_MODULES = YES;
				CLANG_ENABLE_OBJC_ARC = YES;
				CLANG_ENABLE_OBJC_WEAK = YES;
				CLANG_WARN_BLOCK_CAPTURE_AUTORELEASING = YES;
				CLANG_WARN_BOOL_CONVERSION = YES;
				CLANG_WARN_COMMA = YES;
				CLANG_WARN_CONSTANT_CONVERSION = YES;
				CLANG_WARN_DEPRECATED_OBJC_IMPLEMENTATIONS = YES;
				CLANG_WARN_DIRECT_OBJC_ISA_USAGE = YES_ERROR;
				CLANG_WARN_DOCUMENTATION_COMMENTS = YES;
				CLANG_WARN_EMPTY_BODY = YES;
				CLANG_WARN_ENUM_CONVERSION = YES;
				CLANG_WARN_INFINITE_RECURSION = YES;
				CLANG_WARN_INT_CONVERSION = YES;
				CLANG_WARN_NON_LITERAL_NULL_CONVERSION = YES;
				CLANG_WARN_OBJC_IMPLICIT_RETAIN_SELF = YES;
				CLANG_WARN_OBJC_LITERAL_CONVERSION = YES;
				CLANG_WARN_OBJC_ROOT_CLASS = YES_ERROR;
				CLANG_WARN_QUOTED_INCLUDE_IN_FRAMEWORK_HEADER = YES;
				CLANG_WARN_RANGE_LOOP_ANALYSIS = YES;
				CLANG_WARN_STRICT_PROTOTYPES = YES;
				CLANG_WARN_SUSPICIOUS_MOVE = YES;
				CLANG_WARN_UNGUARDED_AVAILABILITY = YES_AGGRESSIVE;
				CLANG_WARN_UNREACHABLE_CODE = YES;
				CLANG_WARN__DUPLICATE_METHOD_MATCH = YES;
				COPY_PHASE_STRIP = NO;
				DEBUG_INFORMATION_FORMAT = "dwarf-with-dsym";
				ENABLE_NS_ASSERTIONS = NO;
				ENABLE_STRICT_OBJC_MSGSEND = YES;
				GCC_C_LANGUAGE_STANDARD = gnu11;
				GCC_NO_COMMON_BLOCKS = YES;
				GCC_WARN_64_TO_32_BIT_CONVERSION = YES;
				GCC_WARN_ABOUT_RETURN_TYPE = YES_ERROR;
				GCC_WARN_UNDECLARED_SELECTOR = YES;
				GCC_WARN_UNINITIALIZED_AUTOS = YES_AGGRESSIVE;
				GCC_WARN_UNUSED_FUNCTION = YES;
				GCC_WARN_UNUSED_VARIABLE = YES;
				IPHONEOS_DEPLOYMENT_TARGET = 14.0;
				MTL_ENABLE_DEBUG_INFO = NO;
				MTL_FAST_MATH = YES;
				SDKROOT = iphoneos;
				SWIFT_COMPILATION_MODE = wholemodule;
				SWIFT_OPTIMIZATION_LEVEL = "-O";
				VALIDATE_PRODUCT = YES;
			};
			name = Release;
		};
		1E3A571225C6FCE900DBB3F4 /* Debug */ = {
			isa = XCBuildConfiguration;
			baseConfigurationReference = 002C8A13CB8259A4B22C9CA9 /* Pods-Siksha.debug.xcconfig */;
			buildSettings = {
				ASSETCATALOG_COMPILER_APPICON_NAME = AppIcon;
				ASSETCATALOG_COMPILER_GLOBAL_ACCENT_COLOR_NAME = AccentColor;
				BUNDLE_NAME = "식샤-Debug";
				CODE_SIGN_ENTITLEMENTS = Siksha/Siksha.entitlements;
				CODE_SIGN_STYLE = Automatic;
				CURRENT_PROJECT_VERSION = 1.0.2;
				DEVELOPMENT_ASSET_PATHS = "\"Siksha/Preview Content\"";
				DEVELOPMENT_TEAM = ###;
				ENABLE_PREVIEWS = YES;
				INFOPLIST_FILE = Siksha/Info.plist;
				IPHONEOS_DEPLOYMENT_TARGET = 14.0;
				LD_RUNPATH_SEARCH_PATHS = (
					"$(inherited)",
					"@executable_path/Frameworks",
				);
				MARKETING_VERSION = 3.0.2;
				PRODUCT_BUNDLE_IDENTIFIER = ###dev;
				PRODUCT_NAME = "$(TARGET_NAME)";
				SWIFT_VERSION = 5.0;
				TARGETED_DEVICE_FAMILY = 1;
			};
			name = Debug;
		};
		1E3A571325C6FCE900DBB3F4 /* Release */ = {
			isa = XCBuildConfiguration;
			baseConfigurationReference = 9206586248E5AFFD0681673F /* Pods-Siksha.release.xcconfig */;
			buildSettings = {
				ASSETCATALOG_COMPILER_APPICON_NAME = AppIcon;
				ASSETCATALOG_COMPILER_GLOBAL_ACCENT_COLOR_NAME = AccentColor;
				BUNDLE_NAME = "식샤";
				CODE_SIGN_ENTITLEMENTS = Siksha/Siksha.entitlements;
				CODE_SIGN_STYLE = Automatic;
				CURRENT_PROJECT_VERSION = 1.0.2;
				DEVELOPMENT_ASSET_PATHS = "\"Siksha/Preview Content\"";
				DEVELOPMENT_TEAM = ###;
				ENABLE_PREVIEWS = YES;
				INFOPLIST_FILE = Siksha/Info.plist;
				IPHONEOS_DEPLOYMENT_TARGET = 14.0;
				LD_RUNPATH_SEARCH_PATHS = (
					"$(inherited)",
					"@executable_path/Frameworks",
				);
				MARKETING_VERSION = 3.0.2;
				PRODUCT_BUNDLE_IDENTIFIER = ###;
				PRODUCT_NAME = "$(TARGET_NAME)";
				SWIFT_VERSION = 5.0;
				TARGETED_DEVICE_FAMILY = 1;
			};
			name = Release;
		};
		1E3A571525C6FCE900DBB3F4 /* Debug */ = {
			isa = XCBuildConfiguration;
			buildSettings = {
				ALWAYS_EMBED_SWIFT_STANDARD_LIBRARIES = YES;
				BUNDLE_LOADER = "$(TEST_HOST)";
				CODE_SIGN_STYLE = Automatic;
				DEVELOPMENT_TEAM = ###;
				INFOPLIST_FILE = SikshaTests/Info.plist;
				IPHONEOS_DEPLOYMENT_TARGET = 14.4;
				LD_RUNPATH_SEARCH_PATHS = (
					"$(inherited)",
					"@executable_path/Frameworks",
					"@loader_path/Frameworks",
				);
				PRODUCT_BUNDLE_IDENTIFIER = com.wafflestudio.SikshaTests;
				PRODUCT_NAME = "$(TARGET_NAME)";
				SWIFT_VERSION = 5.0;
				TARGETED_DEVICE_FAMILY = "1,2";
				TEST_HOST = "$(BUILT_PRODUCTS_DIR)/Siksha.app/Siksha";
			};
			name = Debug;
		};
		1E3A571625C6FCE900DBB3F4 /* Release */ = {
			isa = XCBuildConfiguration;
			buildSettings = {
				ALWAYS_EMBED_SWIFT_STANDARD_LIBRARIES = YES;
				BUNDLE_LOADER = "$(TEST_HOST)";
				CODE_SIGN_STYLE = Automatic;
				DEVELOPMENT_TEAM = ###;
				INFOPLIST_FILE = SikshaTests/Info.plist;
				IPHONEOS_DEPLOYMENT_TARGET = 14.4;
				LD_RUNPATH_SEARCH_PATHS = (
					"$(inherited)",
					"@executable_path/Frameworks",
					"@loader_path/Frameworks",
				);
				PRODUCT_BUNDLE_IDENTIFIER = com.wafflestudio.SikshaTests;
				PRODUCT_NAME = "$(TARGET_NAME)";
				SWIFT_VERSION = 5.0;
				TARGETED_DEVICE_FAMILY = "1,2";
				TEST_HOST = "$(BUILT_PRODUCTS_DIR)/Siksha.app/Siksha";
			};
			name = Release;
		};
		1E3A571825C6FCE900DBB3F4 /* Debug */ = {
			isa = XCBuildConfiguration;
			buildSettings = {
				ALWAYS_EMBED_SWIFT_STANDARD_LIBRARIES = YES;
				CODE_SIGN_STYLE = Automatic;
				DEVELOPMENT_TEAM = ###;
				INFOPLIST_FILE = SikshaUITests/Info.plist;
				LD_RUNPATH_SEARCH_PATHS = (
					"$(inherited)",
					"@executable_path/Frameworks",
					"@loader_path/Frameworks",
				);
				PRODUCT_BUNDLE_IDENTIFIER = ###;
				PRODUCT_NAME = "$(TARGET_NAME)";
				SWIFT_VERSION = 5.0;
				TARGETED_DEVICE_FAMILY = "1,2";
				TEST_TARGET_NAME = Siksha;
			};
			name = Debug;
		};
		1E3A571925C6FCE900DBB3F4 /* Release */ = {
			isa = XCBuildConfiguration;
			buildSettings = {
				ALWAYS_EMBED_SWIFT_STANDARD_LIBRARIES = YES;
				CODE_SIGN_STYLE = Automatic;
				DEVELOPMENT_TEAM = ###;
				INFOPLIST_FILE = SikshaUITests/Info.plist;
				LD_RUNPATH_SEARCH_PATHS = (
					"$(inherited)",
					"@executable_path/Frameworks",
					"@loader_path/Frameworks",
				);
				PRODUCT_BUNDLE_IDENTIFIER = ###;
				PRODUCT_NAME = "$(TARGET_NAME)";
				SWIFT_VERSION = 5.0;
				TARGETED_DEVICE_FAMILY = "1,2";
				TEST_TARGET_NAME = Siksha;
			};
			name = Release;
		};
/* End XCBuildConfiguration section */

/* Begin XCConfigurationList section */
		1E3A56E225C6FCE600DBB3F4 /* Build configuration list for PBXProject "Siksha" */ = {
			isa = XCConfigurationList;
			buildConfigurations = (
				1E3A570F25C6FCE900DBB3F4 /* Debug */,
				1E3A571025C6FCE900DBB3F4 /* Release */,
			);
			defaultConfigurationIsVisible = 0;
			defaultConfigurationName = Release;
		};
		1E3A571125C6FCE900DBB3F4 /* Build configuration list for PBXNativeTarget "Siksha" */ = {
			isa = XCConfigurationList;
			buildConfigurations = (
				1E3A571225C6FCE900DBB3F4 /* Debug */,
				1E3A571325C6FCE900DBB3F4 /* Release */,
			);
			defaultConfigurationIsVisible = 0;
			defaultConfigurationName = Release;
		};
		1E3A571425C6FCE900DBB3F4 /* Build configuration list for PBXNativeTarget "SikshaTests" */ = {
			isa = XCConfigurationList;
			buildConfigurations = (
				1E3A571525C6FCE900DBB3F4 /* Debug */,
				1E3A571625C6FCE900DBB3F4 /* Release */,
			);
			defaultConfigurationIsVisible = 0;
			defaultConfigurationName = Release;
		};
		1E3A571725C6FCE900DBB3F4 /* Build configuration list for PBXNativeTarget "SikshaUITests" */ = {
			isa = XCConfigurationList;
			buildConfigurations = (
				1E3A571825C6FCE900DBB3F4 /* Debug */,
				1E3A571925C6FCE900DBB3F4 /* Release */,
			);
			defaultConfigurationIsVisible = 0;
			defaultConfigurationName = Release;
		};
/* End XCConfigurationList section */
	};
	rootObject = 1E3A56DF25C6FCE600DBB3F4 /* Project object */;
}
